// !$*UTF8*$!
{
	archiveVersion = 1;
	classes = {
	};
	objectVersion = 46;
	objects = {

/* Begin PBXBuildFile section */
		77AF0077157FA442001EC3FB /* UIKit.framework in Frameworks */ = {isa = PBXBuildFile; fileRef = 77AF0076157FA442001EC3FB /* UIKit.framework */; };
		77AF0079157FA442001EC3FB /* Foundation.framework in Frameworks */ = {isa = PBXBuildFile; fileRef = 77AF0078157FA442001EC3FB /* Foundation.framework */; };
		77AF007B157FA442001EC3FB /* CoreGraphics.framework in Frameworks */ = {isa = PBXBuildFile; fileRef = 77AF007A157FA442001EC3FB /* CoreGraphics.framework */; };
		77AF0081157FA442001EC3FB /* InfoPlist.strings in Resources */ = {isa = PBXBuildFile; fileRef = 77AF007F157FA442001EC3FB /* InfoPlist.strings */; };
		77AF0083157FA442001EC3FB /* main.m in Sources */ = {isa = PBXBuildFile; fileRef = 77AF0082157FA442001EC3FB /* main.m */; };
		77AF0087157FA442001EC3FB /* AppDelegate.m in Sources */ = {isa = PBXBuildFile; fileRef = 77AF0086157FA442001EC3FB /* AppDelegate.m */; };
		77AF008A157FA442001EC3FB /* ViewController.m in Sources */ = {isa = PBXBuildFile; fileRef = 77AF0089157FA442001EC3FB /* ViewController.m */; };
		77AF0097157FA528001EC3FB /* Cell.m in Sources */ = {isa = PBXBuildFile; fileRef = 77AF0094157FA528001EC3FB /* Cell.m */; };
		77AF0098157FA528001EC3FB /* CircleLayout.m in Sources */ = {isa = PBXBuildFile; fileRef = 77AF0096157FA528001EC3FB /* CircleLayout.m */; };
		77C30BB5157FB7EB005E487B /* QuartzCore.framework in Frameworks */ = {isa = PBXBuildFile; fileRef = 77C30BB4157FB7EB005E487B /* QuartzCore.framework */; };
		78E7A7481654DFBA000C70BE /* PSTCollectionViewUpdateItem.m in Sources */ = {isa = PBXBuildFile; fileRef = 78E7A7471654DFBA000C70BE /* PSTCollectionViewUpdateItem.m */; };
		78E8AB45160A349B00988317 /* PSTCollectionView.m in Sources */ = {isa = PBXBuildFile; fileRef = 78E8AB2F160A349B00988317 /* PSTCollectionView.m */; };
		78E8AB46160A349B00988317 /* PSTCollectionViewCell.m in Sources */ = {isa = PBXBuildFile; fileRef = 78E8AB31160A349B00988317 /* PSTCollectionViewCell.m */; };
		78E8AB47160A349B00988317 /* PSTCollectionViewController.m in Sources */ = {isa = PBXBuildFile; fileRef = 78E8AB34160A349B00988317 /* PSTCollectionViewController.m */; };
		78E8AB48160A349B00988317 /* PSTCollectionViewData.m in Sources */ = {isa = PBXBuildFile; fileRef = 78E8AB36160A349B00988317 /* PSTCollectionViewData.m */; };
		78E8AB49160A349B00988317 /* PSTCollectionViewFlowLayout.m in Sources */ = {isa = PBXBuildFile; fileRef = 78E8AB38160A349B00988317 /* PSTCollectionViewFlowLayout.m */; };
		78E8AB4A160A349B00988317 /* PSTCollectionViewItemKey.m in Sources */ = {isa = PBXBuildFile; fileRef = 78E8AB3A160A349B00988317 /* PSTCollectionViewItemKey.m */; };
		78E8AB4B160A349B00988317 /* PSTCollectionViewLayout.m in Sources */ = {isa = PBXBuildFile; fileRef = 78E8AB3C160A349B00988317 /* PSTCollectionViewLayout.m */; };
		78E8AB4C160A349B00988317 /* PSTGridLayoutInfo.m in Sources */ = {isa = PBXBuildFile; fileRef = 78E8AB3E160A349B00988317 /* PSTGridLayoutInfo.m */; };
		78E8AB4D160A349B00988317 /* PSTGridLayoutItem.m in Sources */ = {isa = PBXBuildFile; fileRef = 78E8AB40160A349B00988317 /* PSTGridLayoutItem.m */; };
		78E8AB4E160A349B00988317 /* PSTGridLayoutRow.m in Sources */ = {isa = PBXBuildFile; fileRef = 78E8AB42160A349B00988317 /* PSTGridLayoutRow.m */; };
		78E8AB4F160A349B00988317 /* PSTGridLayoutSection.m in Sources */ = {isa = PBXBuildFile; fileRef = 78E8AB44160A349B00988317 /* PSTGridLayoutSection.m */; };
/* End PBXBuildFile section */

/* Begin PBXFileReference section */
		28B8D5C415817E9B00386DDB /* ReadMe.txt */ = {isa = PBXFileReference; lastKnownFileType = text; path = ReadMe.txt; sourceTree = "<group>"; };
		77AF0072157FA442001EC3FB /* CircleLayout.app */ = {isa = PBXFileReference; explicitFileType = wrapper.application; includeInIndex = 0; path = CircleLayout.app; sourceTree = BUILT_PRODUCTS_DIR; };
		77AF0076157FA442001EC3FB /* UIKit.framework */ = {isa = PBXFileReference; lastKnownFileType = wrapper.framework; name = UIKit.framework; path = System/Library/Frameworks/UIKit.framework; sourceTree = SDKROOT; };
		77AF0078157FA442001EC3FB /* Foundation.framework */ = {isa = PBXFileReference; lastKnownFileType = wrapper.framework; name = Foundation.framework; path = System/Library/Frameworks/Foundation.framework; sourceTree = SDKROOT; };
		77AF007A157FA442001EC3FB /* CoreGraphics.framework */ = {isa = PBXFileReference; lastKnownFileType = wrapper.framework; name = CoreGraphics.framework; path = System/Library/Frameworks/CoreGraphics.framework; sourceTree = SDKROOT; };
		77AF007E157FA442001EC3FB /* CircleLayout-Info.plist */ = {isa = PBXFileReference; lastKnownFileType = text.plist.xml; path = "CircleLayout-Info.plist"; sourceTree = "<group>"; };
		77AF0080157FA442001EC3FB /* en */ = {isa = PBXFileReference; lastKnownFileType = text.plist.strings; name = en; path = en.lproj/InfoPlist.strings; sourceTree = "<group>"; };
		77AF0082157FA442001EC3FB /* main.m */ = {isa = PBXFileReference; lastKnownFileType = sourcecode.c.objc; path = main.m; sourceTree = "<group>"; };
		77AF0084157FA442001EC3FB /* CircleLayout-Prefix.pch */ = {isa = PBXFileReference; lastKnownFileType = sourcecode.c.h; path = "CircleLayout-Prefix.pch"; sourceTree = "<group>"; };
		77AF0085157FA442001EC3FB /* AppDelegate.h */ = {isa = PBXFileReference; lastKnownFileType = sourcecode.c.h; path = AppDelegate.h; sourceTree = "<group>"; };
		77AF0086157FA442001EC3FB /* AppDelegate.m */ = {isa = PBXFileReference; lastKnownFileType = sourcecode.c.objc; path = AppDelegate.m; sourceTree = "<group>"; };
		77AF0088157FA442001EC3FB /* ViewController.h */ = {isa = PBXFileReference; lastKnownFileType = sourcecode.c.h; path = ViewController.h; sourceTree = "<group>"; };
		77AF0089157FA442001EC3FB /* ViewController.m */ = {isa = PBXFileReference; lastKnownFileType = sourcecode.c.objc; path = ViewController.m; sourceTree = "<group>"; };
		77AF0093157FA528001EC3FB /* Cell.h */ = {isa = PBXFileReference; fileEncoding = 4; lastKnownFileType = sourcecode.c.h; path = Cell.h; sourceTree = "<group>"; };
		77AF0094157FA528001EC3FB /* Cell.m */ = {isa = PBXFileReference; fileEncoding = 4; lastKnownFileType = sourcecode.c.objc; path = Cell.m; sourceTree = "<group>"; };
		77AF0095157FA528001EC3FB /* CircleLayout.h */ = {isa = PBXFileReference; fileEncoding = 4; lastKnownFileType = sourcecode.c.h; path = CircleLayout.h; sourceTree = "<group>"; };
		77AF0096157FA528001EC3FB /* CircleLayout.m */ = {isa = PBXFileReference; fileEncoding = 4; lastKnownFileType = sourcecode.c.objc; path = CircleLayout.m; sourceTree = "<group>"; };
		77C30BB4157FB7EB005E487B /* QuartzCore.framework */ = {isa = PBXFileReference; lastKnownFileType = wrapper.framework; name = QuartzCore.framework; path = System/Library/Frameworks/QuartzCore.framework; sourceTree = SDKROOT; };
		78E7A7461654DFBA000C70BE /* PSTCollectionViewUpdateItem.h */ = {isa = PBXFileReference; fileEncoding = 4; lastKnownFileType = sourcecode.c.h; path = PSTCollectionViewUpdateItem.h; sourceTree = "<group>"; };
		78E7A7471654DFBA000C70BE /* PSTCollectionViewUpdateItem.m */ = {isa = PBXFileReference; fileEncoding = 4; lastKnownFileType = sourcecode.c.objc; path = PSTCollectionViewUpdateItem.m; sourceTree = "<group>"; };
		78E8AB2E160A349B00988317 /* PSTCollectionView.h */ = {isa = PBXFileReference; fileEncoding = 4; lastKnownFileType = sourcecode.c.h; path = PSTCollectionView.h; sourceTree = "<group>"; };
		78E8AB2F160A349B00988317 /* PSTCollectionView.m */ = {isa = PBXFileReference; fileEncoding = 4; lastKnownFileType = sourcecode.c.objc; path = PSTCollectionView.m; sourceTree = "<group>"; };
		78E8AB30160A349B00988317 /* PSTCollectionViewCell.h */ = {isa = PBXFileReference; fileEncoding = 4; lastKnownFileType = sourcecode.c.h; path = PSTCollectionViewCell.h; sourceTree = "<group>"; };
		78E8AB31160A349B00988317 /* PSTCollectionViewCell.m */ = {isa = PBXFileReference; fileEncoding = 4; lastKnownFileType = sourcecode.c.objc; path = PSTCollectionViewCell.m; sourceTree = "<group>"; };
		78E8AB32160A349B00988317 /* PSTCollectionViewCommon.h */ = {isa = PBXFileReference; fileEncoding = 4; lastKnownFileType = sourcecode.c.h; path = PSTCollectionViewCommon.h; sourceTree = "<group>"; };
		78E8AB33160A349B00988317 /* PSTCollectionViewController.h */ = {isa = PBXFileReference; fileEncoding = 4; lastKnownFileType = sourcecode.c.h; path = PSTCollectionViewController.h; sourceTree = "<group>"; };
		78E8AB34160A349B00988317 /* PSTCollectionViewController.m */ = {isa = PBXFileReference; fileEncoding = 4; lastKnownFileType = sourcecode.c.objc; path = PSTCollectionViewController.m; sourceTree = "<group>"; };
		78E8AB35160A349B00988317 /* PSTCollectionViewData.h */ = {isa = PBXFileReference; fileEncoding = 4; lastKnownFileType = sourcecode.c.h; path = PSTCollectionViewData.h; sourceTree = "<group>"; };
		78E8AB36160A349B00988317 /* PSTCollectionViewData.m */ = {isa = PBXFileReference; fileEncoding = 4; lastKnownFileType = sourcecode.c.objc; path = PSTCollectionViewData.m; sourceTree = "<group>"; };
		78E8AB37160A349B00988317 /* PSTCollectionViewFlowLayout.h */ = {isa = PBXFileReference; fileEncoding = 4; lastKnownFileType = sourcecode.c.h; path = PSTCollectionViewFlowLayout.h; sourceTree = "<group>"; };
		78E8AB38160A349B00988317 /* PSTCollectionViewFlowLayout.m */ = {isa = PBXFileReference; fileEncoding = 4; lastKnownFileType = sourcecode.c.objc; path = PSTCollectionViewFlowLayout.m; sourceTree = "<group>"; };
		78E8AB39160A349B00988317 /* PSTCollectionViewItemKey.h */ = {isa = PBXFileReference; fileEncoding = 4; lastKnownFileType = sourcecode.c.h; path = PSTCollectionViewItemKey.h; sourceTree = "<group>"; };
		78E8AB3A160A349B00988317 /* PSTCollectionViewItemKey.m */ = {isa = PBXFileReference; fileEncoding = 4; lastKnownFileType = sourcecode.c.objc; path = PSTCollectionViewItemKey.m; sourceTree = "<group>"; };
		78E8AB3B160A349B00988317 /* PSTCollectionViewLayout.h */ = {isa = PBXFileReference; fileEncoding = 4; lastKnownFileType = sourcecode.c.h; path = PSTCollectionViewLayout.h; sourceTree = "<group>"; };
		78E8AB3C160A349B00988317 /* PSTCollectionViewLayout.m */ = {isa = PBXFileReference; fileEncoding = 4; lastKnownFileType = sourcecode.c.objc; path = PSTCollectionViewLayout.m; sourceTree = "<group>"; };
		78E8AB3D160A349B00988317 /* PSTGridLayoutInfo.h */ = {isa = PBXFileReference; fileEncoding = 4; lastKnownFileType = sourcecode.c.h; path = PSTGridLayoutInfo.h; sourceTree = "<group>"; };
		78E8AB3E160A349B00988317 /* PSTGridLayoutInfo.m */ = {isa = PBXFileReference; fileEncoding = 4; lastKnownFileType = sourcecode.c.objc; path = PSTGridLayoutInfo.m; sourceTree = "<group>"; };
		78E8AB3F160A349B00988317 /* PSTGridLayoutItem.h */ = {isa = PBXFileReference; fileEncoding = 4; lastKnownFileType = sourcecode.c.h; path = PSTGridLayoutItem.h; sourceTree = "<group>"; };
		78E8AB40160A349B00988317 /* PSTGridLayoutItem.m */ = {isa = PBXFileReference; fileEncoding = 4; lastKnownFileType = sourcecode.c.objc; path = PSTGridLayoutItem.m; sourceTree = "<group>"; };
		78E8AB41160A349B00988317 /* PSTGridLayoutRow.h */ = {isa = PBXFileReference; fileEncoding = 4; lastKnownFileType = sourcecode.c.h; path = PSTGridLayoutRow.h; sourceTree = "<group>"; };
		78E8AB42160A349B00988317 /* PSTGridLayoutRow.m */ = {isa = PBXFileReference; fileEncoding = 4; lastKnownFileType = sourcecode.c.objc; path = PSTGridLayoutRow.m; sourceTree = "<group>"; };
		78E8AB43160A349B00988317 /* PSTGridLayoutSection.h */ = {isa = PBXFileReference; fileEncoding = 4; lastKnownFileType = sourcecode.c.h; path = PSTGridLayoutSection.h; sourceTree = "<group>"; };
		78E8AB44160A349B00988317 /* PSTGridLayoutSection.m */ = {isa = PBXFileReference; fileEncoding = 4; lastKnownFileType = sourcecode.c.objc; path = PSTGridLayoutSection.m; sourceTree = "<group>"; };
/* End PBXFileReference section */

/* Begin PBXFrameworksBuildPhase section */
		77AF006F157FA442001EC3FB /* Frameworks */ = {
			isa = PBXFrameworksBuildPhase;
			buildActionMask = 2147483647;
			files = (
				77C30BB5157FB7EB005E487B /* QuartzCore.framework in Frameworks */,
				77AF0077157FA442001EC3FB /* UIKit.framework in Frameworks */,
				77AF0079157FA442001EC3FB /* Foundation.framework in Frameworks */,
				77AF007B157FA442001EC3FB /* CoreGraphics.framework in Frameworks */,
			);
			runOnlyForDeploymentPostprocessing = 0;
		};
/* End PBXFrameworksBuildPhase section */

/* Begin PBXGroup section */
		77AF0067157FA442001EC3FB = {
			isa = PBXGroup;
			children = (
				28B8D5C415817E9B00386DDB /* ReadMe.txt */,
				78E8AB2D160A349B00988317 /* PSTCollectionView */,
				77AF007C157FA442001EC3FB /* CircleLayout */,
				77AF0075157FA442001EC3FB /* Frameworks */,
				77AF0073157FA442001EC3FB /* Products */,
			);
			sourceTree = "<group>";
		};
		77AF0073157FA442001EC3FB /* Products */ = {
			isa = PBXGroup;
			children = (
				77AF0072157FA442001EC3FB /* CircleLayout.app */,
			);
			name = Products;
			sourceTree = "<group>";
		};
		77AF0075157FA442001EC3FB /* Frameworks */ = {
			isa = PBXGroup;
			children = (
				77C30BB4157FB7EB005E487B /* QuartzCore.framework */,
				77AF0076157FA442001EC3FB /* UIKit.framework */,
				77AF0078157FA442001EC3FB /* Foundation.framework */,
				77AF007A157FA442001EC3FB /* CoreGraphics.framework */,
			);
			name = Frameworks;
			sourceTree = "<group>";
		};
		77AF007C157FA442001EC3FB /* CircleLayout */ = {
			isa = PBXGroup;
			children = (
				77AF0085157FA442001EC3FB /* AppDelegate.h */,
				77AF0086157FA442001EC3FB /* AppDelegate.m */,
				77AF0088157FA442001EC3FB /* ViewController.h */,
				77AF0089157FA442001EC3FB /* ViewController.m */,
				77AF0093157FA528001EC3FB /* Cell.h */,
				77AF0094157FA528001EC3FB /* Cell.m */,
				77AF0095157FA528001EC3FB /* CircleLayout.h */,
				77AF0096157FA528001EC3FB /* CircleLayout.m */,
				77AF007D157FA442001EC3FB /* Supporting Files */,
			);
			path = CircleLayout;
			sourceTree = "<group>";
		};
		77AF007D157FA442001EC3FB /* Supporting Files */ = {
			isa = PBXGroup;
			children = (
				77AF007E157FA442001EC3FB /* CircleLayout-Info.plist */,
				77AF007F157FA442001EC3FB /* InfoPlist.strings */,
				77AF0082157FA442001EC3FB /* main.m */,
				77AF0084157FA442001EC3FB /* CircleLayout-Prefix.pch */,
			);
			name = "Supporting Files";
			sourceTree = "<group>";
		};
		78E8AB2D160A349B00988317 /* PSTCollectionView */ = {
			isa = PBXGroup;
			children = (
				78E8AB2E160A349B00988317 /* PSTCollectionView.h */,
				78E8AB2F160A349B00988317 /* PSTCollectionView.m */,
				78E8AB30160A349B00988317 /* PSTCollectionViewCell.h */,
				78E8AB31160A349B00988317 /* PSTCollectionViewCell.m */,
				78E8AB32160A349B00988317 /* PSTCollectionViewCommon.h */,
				78E8AB33160A349B00988317 /* PSTCollectionViewController.h */,
				78E8AB34160A349B00988317 /* PSTCollectionViewController.m */,
				78E8AB35160A349B00988317 /* PSTCollectionViewData.h */,
				78E8AB36160A349B00988317 /* PSTCollectionViewData.m */,
				78E8AB37160A349B00988317 /* PSTCollectionViewFlowLayout.h */,
				78E8AB38160A349B00988317 /* PSTCollectionViewFlowLayout.m */,
				78E8AB39160A349B00988317 /* PSTCollectionViewItemKey.h */,
				78E8AB3A160A349B00988317 /* PSTCollectionViewItemKey.m */,
				78E8AB3B160A349B00988317 /* PSTCollectionViewLayout.h */,
				78E8AB3C160A349B00988317 /* PSTCollectionViewLayout.m */,
				78E7A7461654DFBA000C70BE /* PSTCollectionViewUpdateItem.h */,
				78E7A7471654DFBA000C70BE /* PSTCollectionViewUpdateItem.m */,
				78E8AB3D160A349B00988317 /* PSTGridLayoutInfo.h */,
				78E8AB3E160A349B00988317 /* PSTGridLayoutInfo.m */,
				78E8AB3F160A349B00988317 /* PSTGridLayoutItem.h */,
				78E8AB40160A349B00988317 /* PSTGridLayoutItem.m */,
				78E8AB41160A349B00988317 /* PSTGridLayoutRow.h */,
				78E8AB42160A349B00988317 /* PSTGridLayoutRow.m */,
				78E8AB43160A349B00988317 /* PSTGridLayoutSection.h */,
				78E8AB44160A349B00988317 /* PSTGridLayoutSection.m */,
			);
			name = PSTCollectionView;
			path = ../../PSTCollectionView;
			sourceTree = "<group>";
		};
/* End PBXGroup section */

/* Begin PBXNativeTarget section */
		77AF0071157FA442001EC3FB /* CircleLayout */ = {
			isa = PBXNativeTarget;
			buildConfigurationList = 77AF0090157FA442001EC3FB /* Build configuration list for PBXNativeTarget "CircleLayout" */;
			buildPhases = (
				77AF006E157FA442001EC3FB /* Sources */,
				77AF006F157FA442001EC3FB /* Frameworks */,
				77AF0070157FA442001EC3FB /* Resources */,
			);
			buildRules = (
			);
			dependencies = (
			);
			name = CircleLayout;
			productName = CircleLayout;
			productReference = 77AF0072157FA442001EC3FB /* CircleLayout.app */;
			productType = "com.apple.product-type.application";
		};
/* End PBXNativeTarget section */

/* Begin PBXProject section */
		77AF0069157FA442001EC3FB /* Project object */ = {
			isa = PBXProject;
			attributes = {
				LastUpgradeCheck = 0450;
				ORGANIZATIONNAME = "Olivier Gutknecht";
			};
			buildConfigurationList = 77AF006C157FA442001EC3FB /* Build configuration list for PBXProject "CircleLayout" */;
			compatibilityVersion = "Xcode 3.2";
			developmentRegion = English;
			hasScannedForEncodings = 0;
			knownRegions = (
				en,
			);
			mainGroup = 77AF0067157FA442001EC3FB;
			productRefGroup = 77AF0073157FA442001EC3FB /* Products */;
			projectDirPath = "";
			projectRoot = "";
			targets = (
				77AF0071157FA442001EC3FB /* CircleLayout */,
			);
		};
/* End PBXProject section */

/* Begin PBXResourcesBuildPhase section */
		77AF0070157FA442001EC3FB /* Resources */ = {
			isa = PBXResourcesBuildPhase;
			buildActionMask = 2147483647;
			files = (
				77AF0081157FA442001EC3FB /* InfoPlist.strings in Resources */,
			);
			runOnlyForDeploymentPostprocessing = 0;
		};
/* End PBXResourcesBuildPhase section */

/* Begin PBXSourcesBuildPhase section */
		77AF006E157FA442001EC3FB /* Sources */ = {
			isa = PBXSourcesBuildPhase;
			buildActionMask = 2147483647;
			files = (
				77AF0083157FA442001EC3FB /* main.m in Sources */,
				77AF0087157FA442001EC3FB /* AppDelegate.m in Sources */,
				77AF008A157FA442001EC3FB /* ViewController.m in Sources */,
				77AF0097157FA528001EC3FB /* Cell.m in Sources */,
				77AF0098157FA528001EC3FB /* CircleLayout.m in Sources */,
				78E8AB45160A349B00988317 /* PSTCollectionView.m in Sources */,
				78E8AB46160A349B00988317 /* PSTCollectionViewCell.m in Sources */,
				78E8AB47160A349B00988317 /* PSTCollectionViewController.m in Sources */,
				78E8AB48160A349B00988317 /* PSTCollectionViewData.m in Sources */,
				78E8AB49160A349B00988317 /* PSTCollectionViewFlowLayout.m in Sources */,
				78E8AB4A160A349B00988317 /* PSTCollectionViewItemKey.m in Sources */,
				78E8AB4B160A349B00988317 /* PSTCollectionViewLayout.m in Sources */,
				78E8AB4C160A349B00988317 /* PSTGridLayoutInfo.m in Sources */,
				78E8AB4D160A349B00988317 /* PSTGridLayoutItem.m in Sources */,
				78E8AB4E160A349B00988317 /* PSTGridLayoutRow.m in Sources */,
				78E8AB4F160A349B00988317 /* PSTGridLayoutSection.m in Sources */,
				78E7A7481654DFBA000C70BE /* PSTCollectionViewUpdateItem.m in Sources */,
			);
			runOnlyForDeploymentPostprocessing = 0;
		};
/* End PBXSourcesBuildPhase section */

/* Begin PBXVariantGroup section */
		77AF007F157FA442001EC3FB /* InfoPlist.strings */ = {
			isa = PBXVariantGroup;
			children = (
				77AF0080157FA442001EC3FB /* en */,
			);
			name = InfoPlist.strings;
			sourceTree = "<group>";
		};
/* End PBXVariantGroup section */

/* Begin XCBuildConfiguration section */
		77AF008E157FA442001EC3FB /* Debug */ = {
			isa = XCBuildConfiguration;
			buildSettings = {
				ALWAYS_SEARCH_USER_PATHS = NO;
				CLANG_CXX_LANGUAGE_STANDARD = "gnu++0x";
				CLANG_ENABLE_OBJC_ARC = YES;
				CLANG_WARN__DUPLICATE_METHOD_MATCH = YES;
				"CODE_SIGN_IDENTITY[sdk=iphoneos*]" = "iPhone Developer";
				COPY_PHASE_STRIP = NO;
				GCC_C_LANGUAGE_STANDARD = gnu99;
				GCC_DYNAMIC_NO_PIC = NO;
				GCC_OPTIMIZATION_LEVEL = 0;
				GCC_PREPROCESSOR_DEFINITIONS = (
					"DEBUG=1",
					"$(inherited)",
				);
				GCC_SYMBOLS_PRIVATE_EXTERN = NO;
				GCC_WARN_ABOUT_RETURN_TYPE = YES;
				GCC_WARN_UNINITIALIZED_AUTOS = YES;
				GCC_WARN_UNUSED_VARIABLE = YES;
				IPHONEOS_DEPLOYMENT_TARGET = 6.0;
				SDKROOT = iphoneos;
				TARGETED_DEVICE_FAMILY = 2;
			};
			name = Debug;
		};
		77AF008F157FA442001EC3FB /* Release */ = {
			isa = XCBuildConfiguration;
			buildSettings = {
				ALWAYS_SEARCH_USER_PATHS = NO;
				CLANG_CXX_LANGUAGE_STANDARD = "gnu++0x";
				CLANG_ENABLE_OBJC_ARC = YES;
				CLANG_WARN__DUPLICATE_METHOD_MATCH = YES;
				"CODE_SIGN_IDENTITY[sdk=iphoneos*]" = "iPhone Developer";
				COPY_PHASE_STRIP = YES;
				GCC_C_LANGUAGE_STANDARD = gnu99;
				GCC_WARN_ABOUT_RETURN_TYPE = YES;
				GCC_WARN_UNINITIALIZED_AUTOS = YES;
				GCC_WARN_UNUSED_VARIABLE = YES;
				IPHONEOS_DEPLOYMENT_TARGET = 6.0;
				OTHER_CFLAGS = "-DNS_BLOCK_ASSERTIONS=1";
				SDKROOT = iphoneos;
				TARGETED_DEVICE_FAMILY = 2;
				VALIDATE_PRODUCT = YES;
			};
			name = Release;
		};
		77AF0091157FA442001EC3FB /* Debug */ = {
			isa = XCBuildConfiguration;
			buildSettings = {
				GCC_PRECOMPILE_PREFIX_HEADER = YES;
				GCC_PREFIX_HEADER = "CircleLayout/CircleLayout-Prefix.pch";
				INFOPLIST_FILE = "CircleLayout/CircleLayout-Info.plist";
				IPHONEOS_DEPLOYMENT_TARGET = 4.3;
				PRODUCT_NAME = "$(TARGET_NAME)";
				WRAPPER_EXTENSION = app;
			};
			name = Debug;
		};
		77AF0092157FA442001EC3FB /* Release */ = {
			isa = XCBuildConfiguration;
			buildSettings = {
				GCC_PRECOMPILE_PREFIX_HEADER = YES;
				GCC_PREFIX_HEADER = "CircleLayout/CircleLayout-Prefix.pch";
				INFOPLIST_FILE = "CircleLayout/CircleLayout-Info.plist";
				IPHONEOS_DEPLOYMENT_TARGET = 4.3;
				PRODUCT_NAME = "$(TARGET_NAME)";
				WRAPPER_EXTENSION = app;
			};
			name = Release;
		};
/* End XCBuildConfiguration section */

/* Begin XCConfigurationList section */
		77AF006C157FA442001EC3FB /* Build configuration list for PBXProject "CircleLayout" */ = {
			isa = XCConfigurationList;
			buildConfigurations = (
				77AF008E157FA442001EC3FB /* Debug */,
				77AF008F157FA442001EC3FB /* Release */,
			);
			defaultConfigurationIsVisible = 0;
			defaultConfigurationName = Release;
		};
		77AF0090157FA442001EC3FB /* Build configuration list for PBXNativeTarget "CircleLayout" */ = {
			isa = XCConfigurationList;
			buildConfigurations = (
				77AF0091157FA442001EC3FB /* Debug */,
				77AF0092157FA442001EC3FB /* Release */,
			);
			defaultConfigurationIsVisible = 0;
			defaultConfigurationName = Release;
		};
/* End XCConfigurationList section */
	};
	rootObject = 77AF0069157FA442001EC3FB /* Project object */;
}
