// !$*UTF8*$!
{
	archiveVersion = 1;
	classes = {
	};
	objectVersion = 46;
	objects = {

/* Begin PBXBuildFile section */
		1720002615C9D0C4002D04AE /* AppDelegate.m in Sources */ = {isa = PBXBuildFile; fileRef = 1720001B15C9D0C4002D04AE /* AppDelegate.m */; };
		1720002715C9D0C4002D04AE /* Cell.m in Sources */ = {isa = PBXBuildFile; fileRef = 1720001D15C9D0C4002D04AE /* Cell.m */; };
		1720002915C9D0C4002D04AE /* main.m in Sources */ = {isa = PBXBuildFile; fileRef = 1720002115C9D0C4002D04AE /* main.m */; };
		1720002B15C9D0C4002D04AE /* ViewController.m in Sources */ = {isa = PBXBuildFile; fileRef = 1720002515C9D0C4002D04AE /* ViewController.m */; };
		2CA62A4116E87F5200946CBC /* DecorationView.m in Sources */ = {isa = PBXBuildFile; fileRef = 2CA62A4016E87F5200946CBC /* DecorationView.m */; };
		2CA62A4416E87F9300946CBC /* DecorationViewLayoutAttributes.m in Sources */ = {isa = PBXBuildFile; fileRef = 2CA62A4316E87F9300946CBC /* DecorationViewLayoutAttributes.m */; };
		2CA62A4716E8803300946CBC /* CollectionViewLayout.m in Sources */ = {isa = PBXBuildFile; fileRef = 2CA62A4616E8803300946CBC /* CollectionViewLayout.m */; };
		77DEF7AE157ED8390057C06D /* UIKit.framework in Frameworks */ = {isa = PBXBuildFile; fileRef = 77DEF7AD157ED8390057C06D /* UIKit.framework */; };
		77DEF7B0157ED8390057C06D /* Foundation.framework in Frameworks */ = {isa = PBXBuildFile; fileRef = 77DEF7AF157ED8390057C06D /* Foundation.framework */; };
		77DEF7B2157ED8390057C06D /* CoreGraphics.framework in Frameworks */ = {isa = PBXBuildFile; fileRef = 77DEF7B1157ED8390057C06D /* CoreGraphics.framework */; };
		77DEF7D1157EDCFF0057C06D /* QuartzCore.framework in Frameworks */ = {isa = PBXBuildFile; fileRef = 77DEF7D0157EDCFF0057C06D /* QuartzCore.framework */; };
		78E7A7451654DF94000C70BE /* PSTCollectionViewUpdateItem.m in Sources */ = {isa = PBXBuildFile; fileRef = 78E7A7441654DF94000C70BE /* PSTCollectionViewUpdateItem.m */; };
		78E8AAC8160A335E00988317 /* PSTCollectionView.m in Sources */ = {isa = PBXBuildFile; fileRef = 78E8AAB2160A335E00988317 /* PSTCollectionView.m */; };
		78E8AAC9160A335E00988317 /* PSTCollectionViewCell.m in Sources */ = {isa = PBXBuildFile; fileRef = 78E8AAB4160A335E00988317 /* PSTCollectionViewCell.m */; };
		78E8AACA160A335E00988317 /* PSTCollectionViewController.m in Sources */ = {isa = PBXBuildFile; fileRef = 78E8AAB7160A335E00988317 /* PSTCollectionViewController.m */; };
		78E8AACB160A335E00988317 /* PSTCollectionViewData.m in Sources */ = {isa = PBXBuildFile; fileRef = 78E8AAB9160A335E00988317 /* PSTCollectionViewData.m */; };
		78E8AACC160A335E00988317 /* PSTCollectionViewFlowLayout.m in Sources */ = {isa = PBXBuildFile; fileRef = 78E8AABB160A335E00988317 /* PSTCollectionViewFlowLayout.m */; };
		78E8AACD160A335E00988317 /* PSTCollectionViewItemKey.m in Sources */ = {isa = PBXBuildFile; fileRef = 78E8AABD160A335E00988317 /* PSTCollectionViewItemKey.m */; };
		78E8AACE160A335E00988317 /* PSTCollectionViewLayout.m in Sources */ = {isa = PBXBuildFile; fileRef = 78E8AABF160A335E00988317 /* PSTCollectionViewLayout.m */; };
		78E8AACF160A335E00988317 /* PSTGridLayoutInfo.m in Sources */ = {isa = PBXBuildFile; fileRef = 78E8AAC1160A335E00988317 /* PSTGridLayoutInfo.m */; };
		78E8AAD0160A335E00988317 /* PSTGridLayoutItem.m in Sources */ = {isa = PBXBuildFile; fileRef = 78E8AAC3160A335E00988317 /* PSTGridLayoutItem.m */; };
		78E8AAD1160A335E00988317 /* PSTGridLayoutRow.m in Sources */ = {isa = PBXBuildFile; fileRef = 78E8AAC5160A335E00988317 /* PSTGridLayoutRow.m */; };
		78E8AAD2160A335E00988317 /* PSTGridLayoutSection.m in Sources */ = {isa = PBXBuildFile; fileRef = 78E8AAC7160A335E00988317 /* PSTGridLayoutSection.m */; };
		981FA1DC16C79AB800F6149A /* NSIndexPath+PSTCollectionViewAdditions.m in Sources */ = {isa = PBXBuildFile; fileRef = 981FA1DB16C79AB800F6149A /* NSIndexPath+PSTCollectionViewAdditions.m */; };
/* End PBXBuildFile section */

/* Begin PBXFileReference section */
		1720001A15C9D0C4002D04AE /* AppDelegate.h */ = {isa = PBXFileReference; fileEncoding = 4; lastKnownFileType = sourcecode.c.h; path = AppDelegate.h; sourceTree = "<group>"; };
		1720001B15C9D0C4002D04AE /* AppDelegate.m */ = {isa = PBXFileReference; fileEncoding = 4; lastKnownFileType = sourcecode.c.objc; path = AppDelegate.m; sourceTree = "<group>"; };
		1720001C15C9D0C4002D04AE /* Cell.h */ = {isa = PBXFileReference; fileEncoding = 4; lastKnownFileType = sourcecode.c.h; path = Cell.h; sourceTree = "<group>"; };
		1720001D15C9D0C4002D04AE /* Cell.m */ = {isa = PBXFileReference; fileEncoding = 4; lastKnownFileType = sourcecode.c.objc; path = Cell.m; sourceTree = "<group>"; };
		1720002115C9D0C4002D04AE /* main.m */ = {isa = PBXFileReference; fileEncoding = 4; lastKnownFileType = sourcecode.c.objc; path = main.m; sourceTree = "<group>"; };
		1720002215C9D0C4002D04AE /* PSCollectionViewExample-Info.plist */ = {isa = PBXFileReference; fileEncoding = 4; lastKnownFileType = text.plist.xml; path = "PSCollectionViewExample-Info.plist"; sourceTree = "<group>"; };
		1720002415C9D0C4002D04AE /* ViewController.h */ = {isa = PBXFileReference; fileEncoding = 4; lastKnownFileType = sourcecode.c.h; path = ViewController.h; sourceTree = "<group>"; };
		1720002515C9D0C4002D04AE /* ViewController.m */ = {isa = PBXFileReference; fileEncoding = 4; lastKnownFileType = sourcecode.c.objc; path = ViewController.m; sourceTree = "<group>"; };
		2CA62A3F16E87F5200946CBC /* DecorationView.h */ = {isa = PBXFileReference; fileEncoding = 4; lastKnownFileType = sourcecode.c.h; path = DecorationView.h; sourceTree = "<group>"; };
		2CA62A4016E87F5200946CBC /* DecorationView.m */ = {isa = PBXFileReference; fileEncoding = 4; lastKnownFileType = sourcecode.c.objc; path = DecorationView.m; sourceTree = "<group>"; };
		2CA62A4216E87F9300946CBC /* DecorationViewLayoutAttributes.h */ = {isa = PBXFileReference; fileEncoding = 4; lastKnownFileType = sourcecode.c.h; path = DecorationViewLayoutAttributes.h; sourceTree = "<group>"; };
		2CA62A4316E87F9300946CBC /* DecorationViewLayoutAttributes.m */ = {isa = PBXFileReference; fileEncoding = 4; lastKnownFileType = sourcecode.c.objc; path = DecorationViewLayoutAttributes.m; sourceTree = "<group>"; };
		2CA62A4516E8803300946CBC /* CollectionViewLayout.h */ = {isa = PBXFileReference; fileEncoding = 4; lastKnownFileType = sourcecode.c.h; path = CollectionViewLayout.h; sourceTree = "<group>"; };
		2CA62A4616E8803300946CBC /* CollectionViewLayout.m */ = {isa = PBXFileReference; fileEncoding = 4; lastKnownFileType = sourcecode.c.objc; path = CollectionViewLayout.m; sourceTree = "<group>"; };
		2CA62A4816E882C100946CBC /* PSTCollectionViewLayout+Internals.h */ = {isa = PBXFileReference; fileEncoding = 4; lastKnownFileType = sourcecode.c.h; path = "PSTCollectionViewLayout+Internals.h"; sourceTree = "<group>"; };
		77DEF7A9157ED8390057C06D /* PSCollectionViewExample.app */ = {isa = PBXFileReference; explicitFileType = wrapper.application; includeInIndex = 0; path = PSCollectionViewExample.app; sourceTree = BUILT_PRODUCTS_DIR; };
		77DEF7AD157ED8390057C06D /* UIKit.framework */ = {isa = PBXFileReference; lastKnownFileType = wrapper.framework; name = UIKit.framework; path = System/Library/Frameworks/UIKit.framework; sourceTree = SDKROOT; };
		77DEF7AF157ED8390057C06D /* Foundation.framework */ = {isa = PBXFileReference; lastKnownFileType = wrapper.framework; name = Foundation.framework; path = System/Library/Frameworks/Foundation.framework; sourceTree = SDKROOT; };
		77DEF7B1157ED8390057C06D /* CoreGraphics.framework */ = {isa = PBXFileReference; lastKnownFileType = wrapper.framework; name = CoreGraphics.framework; path = System/Library/Frameworks/CoreGraphics.framework; sourceTree = SDKROOT; };
		77DEF7D0157EDCFF0057C06D /* QuartzCore.framework */ = {isa = PBXFileReference; lastKnownFileType = wrapper.framework; name = QuartzCore.framework; path = System/Library/Frameworks/QuartzCore.framework; sourceTree = SDKROOT; };
		78E7A7431654DF94000C70BE /* PSTCollectionViewUpdateItem.h */ = {isa = PBXFileReference; fileEncoding = 4; lastKnownFileType = sourcecode.c.h; path = PSTCollectionViewUpdateItem.h; sourceTree = "<group>"; };
		78E7A7441654DF94000C70BE /* PSTCollectionViewUpdateItem.m */ = {isa = PBXFileReference; fileEncoding = 4; lastKnownFileType = sourcecode.c.objc; path = PSTCollectionViewUpdateItem.m; sourceTree = "<group>"; };
		78E8AAB1160A335E00988317 /* PSTCollectionView.h */ = {isa = PBXFileReference; fileEncoding = 4; lastKnownFileType = sourcecode.c.h; path = PSTCollectionView.h; sourceTree = "<group>"; };
		78E8AAB2160A335E00988317 /* PSTCollectionView.m */ = {isa = PBXFileReference; fileEncoding = 4; lastKnownFileType = sourcecode.c.objc; path = PSTCollectionView.m; sourceTree = "<group>"; };
		78E8AAB3160A335E00988317 /* PSTCollectionViewCell.h */ = {isa = PBXFileReference; fileEncoding = 4; lastKnownFileType = sourcecode.c.h; path = PSTCollectionViewCell.h; sourceTree = "<group>"; };
		78E8AAB4160A335E00988317 /* PSTCollectionViewCell.m */ = {isa = PBXFileReference; fileEncoding = 4; lastKnownFileType = sourcecode.c.objc; path = PSTCollectionViewCell.m; sourceTree = "<group>"; };
		78E8AAB5160A335E00988317 /* PSTCollectionViewCommon.h */ = {isa = PBXFileReference; fileEncoding = 4; lastKnownFileType = sourcecode.c.h; path = PSTCollectionViewCommon.h; sourceTree = "<group>"; };
		78E8AAB6160A335E00988317 /* PSTCollectionViewController.h */ = {isa = PBXFileReference; fileEncoding = 4; lastKnownFileType = sourcecode.c.h; path = PSTCollectionViewController.h; sourceTree = "<group>"; };
		78E8AAB7160A335E00988317 /* PSTCollectionViewController.m */ = {isa = PBXFileReference; fileEncoding = 4; lastKnownFileType = sourcecode.c.objc; path = PSTCollectionViewController.m; sourceTree = "<group>"; };
		78E8AAB8160A335E00988317 /* PSTCollectionViewData.h */ = {isa = PBXFileReference; fileEncoding = 4; lastKnownFileType = sourcecode.c.h; path = PSTCollectionViewData.h; sourceTree = "<group>"; };
		78E8AAB9160A335E00988317 /* PSTCollectionViewData.m */ = {isa = PBXFileReference; fileEncoding = 4; lastKnownFileType = sourcecode.c.objc; path = PSTCollectionViewData.m; sourceTree = "<group>"; };
		78E8AABA160A335E00988317 /* PSTCollectionViewFlowLayout.h */ = {isa = PBXFileReference; fileEncoding = 4; lastKnownFileType = sourcecode.c.h; path = PSTCollectionViewFlowLayout.h; sourceTree = "<group>"; };
		78E8AABB160A335E00988317 /* PSTCollectionViewFlowLayout.m */ = {isa = PBXFileReference; fileEncoding = 4; lastKnownFileType = sourcecode.c.objc; path = PSTCollectionViewFlowLayout.m; sourceTree = "<group>"; };
		78E8AABC160A335E00988317 /* PSTCollectionViewItemKey.h */ = {isa = PBXFileReference; fileEncoding = 4; lastKnownFileType = sourcecode.c.h; path = PSTCollectionViewItemKey.h; sourceTree = "<group>"; };
		78E8AABD160A335E00988317 /* PSTCollectionViewItemKey.m */ = {isa = PBXFileReference; fileEncoding = 4; lastKnownFileType = sourcecode.c.objc; path = PSTCollectionViewItemKey.m; sourceTree = "<group>"; };
		78E8AABE160A335E00988317 /* PSTCollectionViewLayout.h */ = {isa = PBXFileReference; fileEncoding = 4; lastKnownFileType = sourcecode.c.h; path = PSTCollectionViewLayout.h; sourceTree = "<group>"; };
		78E8AABF160A335E00988317 /* PSTCollectionViewLayout.m */ = {isa = PBXFileReference; fileEncoding = 4; lastKnownFileType = sourcecode.c.objc; path = PSTCollectionViewLayout.m; sourceTree = "<group>"; };
		78E8AAC0160A335E00988317 /* PSTGridLayoutInfo.h */ = {isa = PBXFileReference; fileEncoding = 4; lastKnownFileType = sourcecode.c.h; path = PSTGridLayoutInfo.h; sourceTree = "<group>"; };
		78E8AAC1160A335E00988317 /* PSTGridLayoutInfo.m */ = {isa = PBXFileReference; fileEncoding = 4; lastKnownFileType = sourcecode.c.objc; path = PSTGridLayoutInfo.m; sourceTree = "<group>"; };
		78E8AAC2160A335E00988317 /* PSTGridLayoutItem.h */ = {isa = PBXFileReference; fileEncoding = 4; lastKnownFileType = sourcecode.c.h; path = PSTGridLayoutItem.h; sourceTree = "<group>"; };
		78E8AAC3160A335E00988317 /* PSTGridLayoutItem.m */ = {isa = PBXFileReference; fileEncoding = 4; lastKnownFileType = sourcecode.c.objc; path = PSTGridLayoutItem.m; sourceTree = "<group>"; };
		78E8AAC4160A335E00988317 /* PSTGridLayoutRow.h */ = {isa = PBXFileReference; fileEncoding = 4; lastKnownFileType = sourcecode.c.h; path = PSTGridLayoutRow.h; sourceTree = "<group>"; };
		78E8AAC5160A335E00988317 /* PSTGridLayoutRow.m */ = {isa = PBXFileReference; fileEncoding = 4; lastKnownFileType = sourcecode.c.objc; path = PSTGridLayoutRow.m; sourceTree = "<group>"; };
		78E8AAC6160A335E00988317 /* PSTGridLayoutSection.h */ = {isa = PBXFileReference; fileEncoding = 4; lastKnownFileType = sourcecode.c.h; path = PSTGridLayoutSection.h; sourceTree = "<group>"; };
		78E8AAC7160A335E00988317 /* PSTGridLayoutSection.m */ = {isa = PBXFileReference; fileEncoding = 4; lastKnownFileType = sourcecode.c.objc; path = PSTGridLayoutSection.m; sourceTree = "<group>"; };
		981FA1DA16C79AB800F6149A /* NSIndexPath+PSTCollectionViewAdditions.h */ = {isa = PBXFileReference; fileEncoding = 4; lastKnownFileType = sourcecode.c.h; path = "NSIndexPath+PSTCollectionViewAdditions.h"; sourceTree = "<group>"; };
		981FA1DB16C79AB800F6149A /* NSIndexPath+PSTCollectionViewAdditions.m */ = {isa = PBXFileReference; fileEncoding = 4; lastKnownFileType = sourcecode.c.objc; path = "NSIndexPath+PSTCollectionViewAdditions.m"; sourceTree = "<group>"; };
/* End PBXFileReference section */

/* Begin PBXFrameworksBuildPhase section */
		77DEF7A6157ED8390057C06D /* Frameworks */ = {
			isa = PBXFrameworksBuildPhase;
			buildActionMask = 2147483647;
			files = (
				77DEF7D1157EDCFF0057C06D /* QuartzCore.framework in Frameworks */,
				77DEF7AE157ED8390057C06D /* UIKit.framework in Frameworks */,
				77DEF7B0157ED8390057C06D /* Foundation.framework in Frameworks */,
				77DEF7B2157ED8390057C06D /* CoreGraphics.framework in Frameworks */,
			);
			runOnlyForDeploymentPostprocessing = 0;
		};
/* End PBXFrameworksBuildPhase section */

/* Begin PBXGroup section */
		1720001915C9D0A6002D04AE /* PSCollectionViewExample */ = {
			isa = PBXGroup;
			children = (
				1720002215C9D0C4002D04AE /* PSCollectionViewExample-Info.plist */,
				1720002115C9D0C4002D04AE /* main.m */,
				1720001A15C9D0C4002D04AE /* AppDelegate.h */,
				1720001B15C9D0C4002D04AE /* AppDelegate.m */,
				1720002415C9D0C4002D04AE /* ViewController.h */,
				1720002515C9D0C4002D04AE /* ViewController.m */,
				1720001C15C9D0C4002D04AE /* Cell.h */,
				1720001D15C9D0C4002D04AE /* Cell.m */,
				2CA62A4516E8803300946CBC /* CollectionViewLayout.h */,
				2CA62A4616E8803300946CBC /* CollectionViewLayout.m */,
				2CA62A4216E87F9300946CBC /* DecorationViewLayoutAttributes.h */,
				2CA62A4316E87F9300946CBC /* DecorationViewLayoutAttributes.m */,
				2CA62A3F16E87F5200946CBC /* DecorationView.h */,
				2CA62A4016E87F5200946CBC /* DecorationView.m */,
			);
			name = PSCollectionViewExample;
			sourceTree = "<group>";
		};
		77DEF79E157ED8390057C06D = {
			isa = PBXGroup;
			children = (
				1720001915C9D0A6002D04AE /* PSCollectionViewExample */,
				78E8AAB0160A335E00988317 /* PSTCollectionView */,
				77DEF7AC157ED8390057C06D /* Frameworks */,
				77DEF7AA157ED8390057C06D /* Products */,
			);
			sourceTree = "<group>";
		};
		77DEF7AA157ED8390057C06D /* Products */ = {
			isa = PBXGroup;
			children = (
				77DEF7A9157ED8390057C06D /* PSCollectionViewExample.app */,
			);
			name = Products;
			sourceTree = "<group>";
		};
		77DEF7AC157ED8390057C06D /* Frameworks */ = {
			isa = PBXGroup;
			children = (
				77DEF7D0157EDCFF0057C06D /* QuartzCore.framework */,
				77DEF7AD157ED8390057C06D /* UIKit.framework */,
				77DEF7AF157ED8390057C06D /* Foundation.framework */,
				77DEF7B1157ED8390057C06D /* CoreGraphics.framework */,
			);
			name = Frameworks;
			sourceTree = "<group>";
		};
		78E8AAB0160A335E00988317 /* PSTCollectionView */ = {
			isa = PBXGroup;
			children = (
				981FA1DA16C79AB800F6149A /* NSIndexPath+PSTCollectionViewAdditions.h */,
				981FA1DB16C79AB800F6149A /* NSIndexPath+PSTCollectionViewAdditions.m */,
				78E8AAB1160A335E00988317 /* PSTCollectionView.h */,
				78E8AAB2160A335E00988317 /* PSTCollectionView.m */,
				78E8AAB3160A335E00988317 /* PSTCollectionViewCell.h */,
				78E8AAB4160A335E00988317 /* PSTCollectionViewCell.m */,
				78E8AAB5160A335E00988317 /* PSTCollectionViewCommon.h */,
				78E8AAB6160A335E00988317 /* PSTCollectionViewController.h */,
				78E8AAB7160A335E00988317 /* PSTCollectionViewController.m */,
				78E8AAB8160A335E00988317 /* PSTCollectionViewData.h */,
				78E8AAB9160A335E00988317 /* PSTCollectionViewData.m */,
				78E8AABA160A335E00988317 /* PSTCollectionViewFlowLayout.h */,
				78E8AABB160A335E00988317 /* PSTCollectionViewFlowLayout.m */,
				78E8AABC160A335E00988317 /* PSTCollectionViewItemKey.h */,
				78E8AABD160A335E00988317 /* PSTCollectionViewItemKey.m */,
				78E8AABE160A335E00988317 /* PSTCollectionViewLayout.h */,
				2CA62A4816E882C100946CBC /* PSTCollectionViewLayout+Internals.h */,
				78E8AABF160A335E00988317 /* PSTCollectionViewLayout.m */,
				78E7A7431654DF94000C70BE /* PSTCollectionViewUpdateItem.h */,
				78E7A7441654DF94000C70BE /* PSTCollectionViewUpdateItem.m */,
				78E8AAC0160A335E00988317 /* PSTGridLayoutInfo.h */,
				78E8AAC1160A335E00988317 /* PSTGridLayoutInfo.m */,
				78E8AAC2160A335E00988317 /* PSTGridLayoutItem.h */,
				78E8AAC3160A335E00988317 /* PSTGridLayoutItem.m */,
				78E8AAC4160A335E00988317 /* PSTGridLayoutRow.h */,
				78E8AAC5160A335E00988317 /* PSTGridLayoutRow.m */,
				78E8AAC6160A335E00988317 /* PSTGridLayoutSection.h */,
				78E8AAC7160A335E00988317 /* PSTGridLayoutSection.m */,
			);
			name = PSTCollectionView;
			path = ../../PSTCollectionView;
			sourceTree = "<group>";
		};
/* End PBXGroup section */

/* Begin PBXNativeTarget section */
		77DEF7A8157ED8390057C06D /* PSCollectionViewExample */ = {
			isa = PBXNativeTarget;
			buildConfigurationList = 77DEF7C7157ED8390057C06D /* Build configuration list for PBXNativeTarget "PSCollectionViewExample" */;
			buildPhases = (
				77DEF7A5157ED8390057C06D /* Sources */,
				77DEF7A6157ED8390057C06D /* Frameworks */,
				77DEF7A7157ED8390057C06D /* Resources */,
			);
			buildRules = (
			);
			dependencies = (
			);
			name = PSCollectionViewExample;
			productName = PSCollectionViewExample;
			productReference = 77DEF7A9157ED8390057C06D /* PSCollectionViewExample.app */;
			productType = "com.apple.product-type.application";
		};
/* End PBXNativeTarget section */

/* Begin PBXProject section */
		77DEF7A0157ED8390057C06D /* Project object */ = {
			isa = PBXProject;
			attributes = {
				LastUpgradeCheck = 0500;
				ORGANIZATIONNAME = "Apple Inc.";
			};
			buildConfigurationList = 77DEF7A3157ED8390057C06D /* Build configuration list for PBXProject "PSCollectionViewExample" */;
			compatibilityVersion = "Xcode 3.2";
			developmentRegion = English;
			hasScannedForEncodings = 0;
			knownRegions = (
				en,
			);
			mainGroup = 77DEF79E157ED8390057C06D;
			productRefGroup = 77DEF7AA157ED8390057C06D /* Products */;
			projectDirPath = "";
			projectRoot = "";
			targets = (
				77DEF7A8157ED8390057C06D /* PSCollectionViewExample */,
			);
		};
/* End PBXProject section */

/* Begin PBXResourcesBuildPhase section */
		77DEF7A7157ED8390057C06D /* Resources */ = {
			isa = PBXResourcesBuildPhase;
			buildActionMask = 2147483647;
			files = (
			);
			runOnlyForDeploymentPostprocessing = 0;
		};
/* End PBXResourcesBuildPhase section */

/* Begin PBXSourcesBuildPhase section */
		77DEF7A5157ED8390057C06D /* Sources */ = {
			isa = PBXSourcesBuildPhase;
			buildActionMask = 2147483647;
			files = (
				1720002615C9D0C4002D04AE /* AppDelegate.m in Sources */,
				1720002715C9D0C4002D04AE /* Cell.m in Sources */,
				1720002915C9D0C4002D04AE /* main.m in Sources */,
				1720002B15C9D0C4002D04AE /* ViewController.m in Sources */,
				78E8AAC8160A335E00988317 /* PSTCollectionView.m in Sources */,
				78E8AAC9160A335E00988317 /* PSTCollectionViewCell.m in Sources */,
				78E8AACA160A335E00988317 /* PSTCollectionViewController.m in Sources */,
				78E8AACB160A335E00988317 /* PSTCollectionViewData.m in Sources */,
				78E8AACC160A335E00988317 /* PSTCollectionViewFlowLayout.m in Sources */,
				78E8AACD160A335E00988317 /* PSTCollectionViewItemKey.m in Sources */,
				78E8AACE160A335E00988317 /* PSTCollectionViewLayout.m in Sources */,
				78E8AACF160A335E00988317 /* PSTGridLayoutInfo.m in Sources */,
				78E8AAD0160A335E00988317 /* PSTGridLayoutItem.m in Sources */,
				78E8AAD1160A335E00988317 /* PSTGridLayoutRow.m in Sources */,
				78E8AAD2160A335E00988317 /* PSTGridLayoutSection.m in Sources */,
				78E7A7451654DF94000C70BE /* PSTCollectionViewUpdateItem.m in Sources */,
				981FA1DC16C79AB800F6149A /* NSIndexPath+PSTCollectionViewAdditions.m in Sources */,
				2CA62A4116E87F5200946CBC /* DecorationView.m in Sources */,
				2CA62A4416E87F9300946CBC /* DecorationViewLayoutAttributes.m in Sources */,
				2CA62A4716E8803300946CBC /* CollectionViewLayout.m in Sources */,
			);
			runOnlyForDeploymentPostprocessing = 0;
		};
/* End PBXSourcesBuildPhase section */

/* Begin XCBuildConfiguration section */
		77DEF7C5157ED8390057C06D /* Debug */ = {
			isa = XCBuildConfiguration;
			buildSettings = {
				ALWAYS_SEARCH_USER_PATHS = NO;
				CLANG_CXX_LANGUAGE_STANDARD = "gnu++0x";
				CLANG_ENABLE_OBJC_ARC = YES;
				CLANG_WARN__DUPLICATE_METHOD_MATCH = YES;
				"CODE_SIGN_IDENTITY[sdk=iphoneos*]" = "iPhone Developer";
				COPY_PHASE_STRIP = NO;
				GCC_C_LANGUAGE_STANDARD = gnu99;
				GCC_DYNAMIC_NO_PIC = NO;
				GCC_OPTIMIZATION_LEVEL = 0;
				GCC_PREPROCESSOR_DEFINITIONS = (
					"DEBUG=1",
					"$(inherited)",
				);
				GCC_SYMBOLS_PRIVATE_EXTERN = NO;
				GCC_WARN_ABOUT_RETURN_TYPE = YES;
				GCC_WARN_UNINITIALIZED_AUTOS = YES;
				GCC_WARN_UNUSED_VARIABLE = YES;
				IPHONEOS_DEPLOYMENT_TARGET = 5.0;
				ONLY_ACTIVE_ARCH = YES;
				SDKROOT = iphoneos;
				TARGETED_DEVICE_FAMILY = 2;
			};
			name = Debug;
		};
		77DEF7C6157ED8390057C06D /* Release */ = {
			isa = XCBuildConfiguration;
			buildSettings = {
				ALWAYS_SEARCH_USER_PATHS = NO;
				CLANG_CXX_LANGUAGE_STANDARD = "gnu++0x";
				CLANG_ENABLE_OBJC_ARC = YES;
				CLANG_WARN__DUPLICATE_METHOD_MATCH = YES;
				"CODE_SIGN_IDENTITY[sdk=iphoneos*]" = "iPhone Developer";
				COPY_PHASE_STRIP = YES;
				GCC_C_LANGUAGE_STANDARD = gnu99;
				GCC_WARN_ABOUT_RETURN_TYPE = YES;
				GCC_WARN_UNINITIALIZED_AUTOS = YES;
				GCC_WARN_UNUSED_VARIABLE = YES;
				IPHONEOS_DEPLOYMENT_TARGET = 5.0;
				OTHER_CFLAGS = "-DNS_BLOCK_ASSERTIONS=1";
				SDKROOT = iphoneos;
				TARGETED_DEVICE_FAMILY = 2;
				VALIDATE_PRODUCT = YES;
			};
			name = Release;
		};
		77DEF7C8157ED8390057C06D /* Debug */ = {
			isa = XCBuildConfiguration;
			buildSettings = {
				INFOPLIST_FILE = "PSCollectionViewExample-Info.plist";
				IPHONEOS_DEPLOYMENT_TARGET = 4.3;
				PRODUCT_NAME = PSCollectionViewExample;
				WRAPPER_EXTENSION = app;
			};
			name = Debug;
		};
		77DEF7C9157ED8390057C06D /* Release */ = {
			isa = XCBuildConfiguration;
			buildSettings = {
				INFOPLIST_FILE = "PSCollectionViewExample-Info.plist";
				IPHONEOS_DEPLOYMENT_TARGET = 4.3;
				PRODUCT_NAME = PSCollectionViewExample;
				WRAPPER_EXTENSION = app;
			};
			name = Release;
		};
/* End XCBuildConfiguration section */

/* Begin XCConfigurationList section */
		77DEF7A3157ED8390057C06D /* Build configuration list for PBXProject "PSCollectionViewExample" */ = {
			isa = XCConfigurationList;
			buildConfigurations = (
				77DEF7C5157ED8390057C06D /* Debug */,
				77DEF7C6157ED8390057C06D /* Release */,
			);
			defaultConfigurationIsVisible = 0;
			defaultConfigurationName = Release;
		};
		77DEF7C7157ED8390057C06D /* Build configuration list for PBXNativeTarget "PSCollectionViewExample" */ = {
			isa = XCConfigurationList;
			buildConfigurations = (
				77DEF7C8157ED8390057C06D /* Debug */,
				77DEF7C9157ED8390057C06D /* Release */,
			);
			defaultConfigurationIsVisible = 0;
			defaultConfigurationName = Release;
		};
/* End XCConfigurationList section */
	};
	rootObject = 77DEF7A0157ED8390057C06D /* Project object */;
}
