// !$*UTF8*$!
{
	archiveVersion = 1;
	classes = {
	};
	objectVersion = 46;
	objects = {

/* Begin PBXBuildFile section */
		77DEF7AE157ED8390057C06D /* UIKit.framework in Frameworks */ = {isa = PBXBuildFile; fileRef = 77DEF7AD157ED8390057C06D /* UIKit.framework */; };
		77DEF7B0157ED8390057C06D /* Foundation.framework in Frameworks */ = {isa = PBXBuildFile; fileRef = 77DEF7AF157ED8390057C06D /* Foundation.framework */; };
		77DEF7B2157ED8390057C06D /* CoreGraphics.framework in Frameworks */ = {isa = PBXBuildFile; fileRef = 77DEF7B1157ED8390057C06D /* CoreGraphics.framework */; };
		77DEF7B8157ED8390057C06D /* InfoPlist.strings in Resources */ = {isa = PBXBuildFile; fileRef = 77DEF7B6157ED8390057C06D /* InfoPlist.strings */; };
		77DEF7BA157ED8390057C06D /* main.m in Sources */ = {isa = PBXBuildFile; fileRef = 77DEF7B9157ED8390057C06D /* main.m */; };
		77DEF7BE157ED8390057C06D /* AppDelegate.m in Sources */ = {isa = PBXBuildFile; fileRef = 77DEF7BD157ED8390057C06D /* AppDelegate.m */; };
		77DEF7C1157ED8390057C06D /* ViewController.m in Sources */ = {isa = PBXBuildFile; fileRef = 77DEF7C0157ED8390057C06D /* ViewController.m */; };
		77DEF7CC157ED9380057C06D /* PinchLayout.m in Sources */ = {isa = PBXBuildFile; fileRef = 77DEF7CB157ED9380057C06D /* PinchLayout.m */; };
		77DEF7CF157ED94C0057C06D /* Cell.m in Sources */ = {isa = PBXBuildFile; fileRef = 77DEF7CE157ED94C0057C06D /* Cell.m */; };
		77DEF7D1157EDCFF0057C06D /* QuartzCore.framework in Frameworks */ = {isa = PBXBuildFile; fileRef = 77DEF7D0157EDCFF0057C06D /* QuartzCore.framework */; };
		78EB4CF515CD3212002A67E0 /* PSCollectionView.m in Sources */ = {isa = PBXBuildFile; fileRef = 78EB4CDF15CD3212002A67E0 /* PSCollectionView.m */; };
		78EB4CF615CD3212002A67E0 /* PSCollectionViewCell.m in Sources */ = {isa = PBXBuildFile; fileRef = 78EB4CE115CD3212002A67E0 /* PSCollectionViewCell.m */; };
		78EB4CF715CD3212002A67E0 /* PSCollectionViewController.m in Sources */ = {isa = PBXBuildFile; fileRef = 78EB4CE415CD3212002A67E0 /* PSCollectionViewController.m */; };
		78EB4CF815CD3212002A67E0 /* PSCollectionViewData.m in Sources */ = {isa = PBXBuildFile; fileRef = 78EB4CE615CD3212002A67E0 /* PSCollectionViewData.m */; };
		78EB4CF915CD3212002A67E0 /* PSCollectionViewFlowLayout.m in Sources */ = {isa = PBXBuildFile; fileRef = 78EB4CE815CD3212002A67E0 /* PSCollectionViewFlowLayout.m */; };
		78EB4CFA15CD3212002A67E0 /* PSCollectionViewItemKey.m in Sources */ = {isa = PBXBuildFile; fileRef = 78EB4CEA15CD3212002A67E0 /* PSCollectionViewItemKey.m */; };
		78EB4CFB15CD3212002A67E0 /* PSCollectionViewLayout.m in Sources */ = {isa = PBXBuildFile; fileRef = 78EB4CEC15CD3212002A67E0 /* PSCollectionViewLayout.m */; };
		78EB4CFC15CD3212002A67E0 /* PSGridLayoutInfo.m in Sources */ = {isa = PBXBuildFile; fileRef = 78EB4CEE15CD3212002A67E0 /* PSGridLayoutInfo.m */; };
		78EB4CFD15CD3212002A67E0 /* PSGridLayoutItem.m in Sources */ = {isa = PBXBuildFile; fileRef = 78EB4CF015CD3212002A67E0 /* PSGridLayoutItem.m */; };
		78EB4CFE15CD3212002A67E0 /* PSGridLayoutRow.m in Sources */ = {isa = PBXBuildFile; fileRef = 78EB4CF215CD3212002A67E0 /* PSGridLayoutRow.m */; };
		78EB4CFF15CD3212002A67E0 /* PSGridLayoutSection.m in Sources */ = {isa = PBXBuildFile; fileRef = 78EB4CF415CD3212002A67E0 /* PSGridLayoutSection.m */; };
/* End PBXBuildFile section */

/* Begin PBXFileReference section */
		28B8D5D11581846A00386DDB /* ReadMe.txt */ = {isa = PBXFileReference; fileEncoding = 4; lastKnownFileType = text; path = ReadMe.txt; sourceTree = "<group>"; };
		77DEF7A9157ED8390057C06D /* PinchIt.app */ = {isa = PBXFileReference; explicitFileType = wrapper.application; includeInIndex = 0; path = PinchIt.app; sourceTree = BUILT_PRODUCTS_DIR; };
		77DEF7AD157ED8390057C06D /* UIKit.framework */ = {isa = PBXFileReference; lastKnownFileType = wrapper.framework; name = UIKit.framework; path = System/Library/Frameworks/UIKit.framework; sourceTree = SDKROOT; };
		77DEF7AF157ED8390057C06D /* Foundation.framework */ = {isa = PBXFileReference; lastKnownFileType = wrapper.framework; name = Foundation.framework; path = System/Library/Frameworks/Foundation.framework; sourceTree = SDKROOT; };
		77DEF7B1157ED8390057C06D /* CoreGraphics.framework */ = {isa = PBXFileReference; lastKnownFileType = wrapper.framework; name = CoreGraphics.framework; path = System/Library/Frameworks/CoreGraphics.framework; sourceTree = SDKROOT; };
		77DEF7B5157ED8390057C06D /* PinchIt-Info.plist */ = {isa = PBXFileReference; lastKnownFileType = text.plist.xml; path = "PinchIt-Info.plist"; sourceTree = "<group>"; };
		77DEF7B7157ED8390057C06D /* en */ = {isa = PBXFileReference; lastKnownFileType = text.plist.strings; name = en; path = en.lproj/InfoPlist.strings; sourceTree = "<group>"; };
		77DEF7B9157ED8390057C06D /* main.m */ = {isa = PBXFileReference; lastKnownFileType = sourcecode.c.objc; path = main.m; sourceTree = "<group>"; };
		77DEF7BB157ED8390057C06D /* PinchIt-Prefix.pch */ = {isa = PBXFileReference; lastKnownFileType = sourcecode.c.h; path = "PinchIt-Prefix.pch"; sourceTree = "<group>"; };
		77DEF7BC157ED8390057C06D /* AppDelegate.h */ = {isa = PBXFileReference; lastKnownFileType = sourcecode.c.h; path = AppDelegate.h; sourceTree = "<group>"; };
		77DEF7BD157ED8390057C06D /* AppDelegate.m */ = {isa = PBXFileReference; lastKnownFileType = sourcecode.c.objc; path = AppDelegate.m; sourceTree = "<group>"; };
		77DEF7BF157ED8390057C06D /* ViewController.h */ = {isa = PBXFileReference; lastKnownFileType = sourcecode.c.h; path = ViewController.h; sourceTree = "<group>"; };
		77DEF7C0157ED8390057C06D /* ViewController.m */ = {isa = PBXFileReference; lastKnownFileType = sourcecode.c.objc; path = ViewController.m; sourceTree = "<group>"; };
		77DEF7CA157ED9380057C06D /* PinchLayout.h */ = {isa = PBXFileReference; fileEncoding = 4; lastKnownFileType = sourcecode.c.h; path = PinchLayout.h; sourceTree = "<group>"; };
		77DEF7CB157ED9380057C06D /* PinchLayout.m */ = {isa = PBXFileReference; fileEncoding = 4; lastKnownFileType = sourcecode.c.objc; path = PinchLayout.m; sourceTree = "<group>"; };
		77DEF7CD157ED94C0057C06D /* Cell.h */ = {isa = PBXFileReference; fileEncoding = 4; lastKnownFileType = sourcecode.c.h; path = Cell.h; sourceTree = "<group>"; };
		77DEF7CE157ED94C0057C06D /* Cell.m */ = {isa = PBXFileReference; fileEncoding = 4; lastKnownFileType = sourcecode.c.objc; path = Cell.m; sourceTree = "<group>"; };
		77DEF7D0157EDCFF0057C06D /* QuartzCore.framework */ = {isa = PBXFileReference; lastKnownFileType = wrapper.framework; name = QuartzCore.framework; path = System/Library/Frameworks/QuartzCore.framework; sourceTree = SDKROOT; };
		78EB4CDE15CD3212002A67E0 /* PSCollectionView.h */ = {isa = PBXFileReference; fileEncoding = 4; lastKnownFileType = sourcecode.c.h; path = PSCollectionView.h; sourceTree = "<group>"; };
		78EB4CDF15CD3212002A67E0 /* PSCollectionView.m */ = {isa = PBXFileReference; fileEncoding = 4; lastKnownFileType = sourcecode.c.objc; path = PSCollectionView.m; sourceTree = "<group>"; };
		78EB4CE015CD3212002A67E0 /* PSCollectionViewCell.h */ = {isa = PBXFileReference; fileEncoding = 4; lastKnownFileType = sourcecode.c.h; path = PSCollectionViewCell.h; sourceTree = "<group>"; };
		78EB4CE115CD3212002A67E0 /* PSCollectionViewCell.m */ = {isa = PBXFileReference; fileEncoding = 4; lastKnownFileType = sourcecode.c.objc; path = PSCollectionViewCell.m; sourceTree = "<group>"; };
		78EB4CE215CD3212002A67E0 /* PSCollectionViewCommon.h */ = {isa = PBXFileReference; fileEncoding = 4; lastKnownFileType = sourcecode.c.h; path = PSCollectionViewCommon.h; sourceTree = "<group>"; };
		78EB4CE315CD3212002A67E0 /* PSCollectionViewController.h */ = {isa = PBXFileReference; fileEncoding = 4; lastKnownFileType = sourcecode.c.h; path = PSCollectionViewController.h; sourceTree = "<group>"; };
		78EB4CE415CD3212002A67E0 /* PSCollectionViewController.m */ = {isa = PBXFileReference; fileEncoding = 4; lastKnownFileType = sourcecode.c.objc; path = PSCollectionViewController.m; sourceTree = "<group>"; };
		78EB4CE515CD3212002A67E0 /* PSCollectionViewData.h */ = {isa = PBXFileReference; fileEncoding = 4; lastKnownFileType = sourcecode.c.h; path = PSCollectionViewData.h; sourceTree = "<group>"; };
		78EB4CE615CD3212002A67E0 /* PSCollectionViewData.m */ = {isa = PBXFileReference; fileEncoding = 4; lastKnownFileType = sourcecode.c.objc; path = PSCollectionViewData.m; sourceTree = "<group>"; };
		78EB4CE715CD3212002A67E0 /* PSCollectionViewFlowLayout.h */ = {isa = PBXFileReference; fileEncoding = 4; lastKnownFileType = sourcecode.c.h; path = PSCollectionViewFlowLayout.h; sourceTree = "<group>"; };
		78EB4CE815CD3212002A67E0 /* PSCollectionViewFlowLayout.m */ = {isa = PBXFileReference; fileEncoding = 4; lastKnownFileType = sourcecode.c.objc; path = PSCollectionViewFlowLayout.m; sourceTree = "<group>"; };
		78EB4CE915CD3212002A67E0 /* PSCollectionViewItemKey.h */ = {isa = PBXFileReference; fileEncoding = 4; lastKnownFileType = sourcecode.c.h; path = PSCollectionViewItemKey.h; sourceTree = "<group>"; };
		78EB4CEA15CD3212002A67E0 /* PSCollectionViewItemKey.m */ = {isa = PBXFileReference; fileEncoding = 4; lastKnownFileType = sourcecode.c.objc; path = PSCollectionViewItemKey.m; sourceTree = "<group>"; };
		78EB4CEB15CD3212002A67E0 /* PSCollectionViewLayout.h */ = {isa = PBXFileReference; fileEncoding = 4; lastKnownFileType = sourcecode.c.h; path = PSCollectionViewLayout.h; sourceTree = "<group>"; };
		78EB4CEC15CD3212002A67E0 /* PSCollectionViewLayout.m */ = {isa = PBXFileReference; fileEncoding = 4; lastKnownFileType = sourcecode.c.objc; path = PSCollectionViewLayout.m; sourceTree = "<group>"; };
		78EB4CED15CD3212002A67E0 /* PSGridLayoutInfo.h */ = {isa = PBXFileReference; fileEncoding = 4; lastKnownFileType = sourcecode.c.h; path = PSGridLayoutInfo.h; sourceTree = "<group>"; };
		78EB4CEE15CD3212002A67E0 /* PSGridLayoutInfo.m */ = {isa = PBXFileReference; fileEncoding = 4; lastKnownFileType = sourcecode.c.objc; path = PSGridLayoutInfo.m; sourceTree = "<group>"; };
		78EB4CEF15CD3212002A67E0 /* PSGridLayoutItem.h */ = {isa = PBXFileReference; fileEncoding = 4; lastKnownFileType = sourcecode.c.h; path = PSGridLayoutItem.h; sourceTree = "<group>"; };
		78EB4CF015CD3212002A67E0 /* PSGridLayoutItem.m */ = {isa = PBXFileReference; fileEncoding = 4; lastKnownFileType = sourcecode.c.objc; path = PSGridLayoutItem.m; sourceTree = "<group>"; };
		78EB4CF115CD3212002A67E0 /* PSGridLayoutRow.h */ = {isa = PBXFileReference; fileEncoding = 4; lastKnownFileType = sourcecode.c.h; path = PSGridLayoutRow.h; sourceTree = "<group>"; };
		78EB4CF215CD3212002A67E0 /* PSGridLayoutRow.m */ = {isa = PBXFileReference; fileEncoding = 4; lastKnownFileType = sourcecode.c.objc; path = PSGridLayoutRow.m; sourceTree = "<group>"; };
		78EB4CF315CD3212002A67E0 /* PSGridLayoutSection.h */ = {isa = PBXFileReference; fileEncoding = 4; lastKnownFileType = sourcecode.c.h; path = PSGridLayoutSection.h; sourceTree = "<group>"; };
		78EB4CF415CD3212002A67E0 /* PSGridLayoutSection.m */ = {isa = PBXFileReference; fileEncoding = 4; lastKnownFileType = sourcecode.c.objc; path = PSGridLayoutSection.m; sourceTree = "<group>"; };
/* End PBXFileReference section */

/* Begin PBXFrameworksBuildPhase section */
		77DEF7A6157ED8390057C06D /* Frameworks */ = {
			isa = PBXFrameworksBuildPhase;
			buildActionMask = 2147483647;
			files = (
				77DEF7D1157EDCFF0057C06D /* QuartzCore.framework in Frameworks */,
				77DEF7AE157ED8390057C06D /* UIKit.framework in Frameworks */,
				77DEF7B0157ED8390057C06D /* Foundation.framework in Frameworks */,
				77DEF7B2157ED8390057C06D /* CoreGraphics.framework in Frameworks */,
			);
			runOnlyForDeploymentPostprocessing = 0;
		};
/* End PBXFrameworksBuildPhase section */

/* Begin PBXGroup section */
		77DEF79E157ED8390057C06D = {
			isa = PBXGroup;
			children = (
				28B8D5D11581846A00386DDB /* ReadMe.txt */,
				78EB4CDD15CD3212002A67E0 /* PSCollectionView */,
				77DEF7B3157ED8390057C06D /* PinchIt */,
				77DEF7AC157ED8390057C06D /* Frameworks */,
				77DEF7AA157ED8390057C06D /* Products */,
			);
			sourceTree = "<group>";
		};
		77DEF7AA157ED8390057C06D /* Products */ = {
			isa = PBXGroup;
			children = (
				77DEF7A9157ED8390057C06D /* PinchIt.app */,
			);
			name = Products;
			sourceTree = "<group>";
		};
		77DEF7AC157ED8390057C06D /* Frameworks */ = {
			isa = PBXGroup;
			children = (
				77DEF7D0157EDCFF0057C06D /* QuartzCore.framework */,
				77DEF7AD157ED8390057C06D /* UIKit.framework */,
				77DEF7AF157ED8390057C06D /* Foundation.framework */,
				77DEF7B1157ED8390057C06D /* CoreGraphics.framework */,
			);
			name = Frameworks;
			sourceTree = "<group>";
		};
		77DEF7B3157ED8390057C06D /* PinchIt */ = {
			isa = PBXGroup;
			children = (
				77DEF7BC157ED8390057C06D /* AppDelegate.h */,
				77DEF7BD157ED8390057C06D /* AppDelegate.m */,
				77DEF7CD157ED94C0057C06D /* Cell.h */,
				77DEF7CE157ED94C0057C06D /* Cell.m */,
				77DEF7BF157ED8390057C06D /* ViewController.h */,
				77DEF7C0157ED8390057C06D /* ViewController.m */,
				77DEF7CA157ED9380057C06D /* PinchLayout.h */,
				77DEF7CB157ED9380057C06D /* PinchLayout.m */,
				77DEF7B4157ED8390057C06D /* Supporting Files */,
			);
			path = PinchIt;
			sourceTree = "<group>";
		};
		77DEF7B4157ED8390057C06D /* Supporting Files */ = {
			isa = PBXGroup;
			children = (
				77DEF7B5157ED8390057C06D /* PinchIt-Info.plist */,
				77DEF7B6157ED8390057C06D /* InfoPlist.strings */,
				77DEF7B9157ED8390057C06D /* main.m */,
				77DEF7BB157ED8390057C06D /* PinchIt-Prefix.pch */,
			);
			name = "Supporting Files";
			sourceTree = "<group>";
		};
		78EB4CDD15CD3212002A67E0 /* PSCollectionView */ = {
			isa = PBXGroup;
			children = (
				78EB4CDE15CD3212002A67E0 /* PSCollectionView.h */,
				78EB4CDF15CD3212002A67E0 /* PSCollectionView.m */,
				78EB4CE015CD3212002A67E0 /* PSCollectionViewCell.h */,
				78EB4CE115CD3212002A67E0 /* PSCollectionViewCell.m */,
				78EB4CE215CD3212002A67E0 /* PSCollectionViewCommon.h */,
				78EB4CE315CD3212002A67E0 /* PSCollectionViewController.h */,
				78EB4CE415CD3212002A67E0 /* PSCollectionViewController.m */,
				78EB4CE515CD3212002A67E0 /* PSCollectionViewData.h */,
				78EB4CE615CD3212002A67E0 /* PSCollectionViewData.m */,
				78EB4CE715CD3212002A67E0 /* PSCollectionViewFlowLayout.h */,
				78EB4CE815CD3212002A67E0 /* PSCollectionViewFlowLayout.m */,
				78EB4CE915CD3212002A67E0 /* PSCollectionViewItemKey.h */,
				78EB4CEA15CD3212002A67E0 /* PSCollectionViewItemKey.m */,
				78EB4CEB15CD3212002A67E0 /* PSCollectionViewLayout.h */,
				78EB4CEC15CD3212002A67E0 /* PSCollectionViewLayout.m */,
				78EB4CED15CD3212002A67E0 /* PSGridLayoutInfo.h */,
				78EB4CEE15CD3212002A67E0 /* PSGridLayoutInfo.m */,
				78EB4CEF15CD3212002A67E0 /* PSGridLayoutItem.h */,
				78EB4CF015CD3212002A67E0 /* PSGridLayoutItem.m */,
				78EB4CF115CD3212002A67E0 /* PSGridLayoutRow.h */,
				78EB4CF215CD3212002A67E0 /* PSGridLayoutRow.m */,
				78EB4CF315CD3212002A67E0 /* PSGridLayoutSection.h */,
				78EB4CF415CD3212002A67E0 /* PSGridLayoutSection.m */,
			);
			name = PSCollectionView;
			path = ../../PSCollectionView;
			sourceTree = "<group>";
		};
/* End PBXGroup section */

/* Begin PBXNativeTarget section */
		77DEF7A8157ED8390057C06D /* PinchIt */ = {
			isa = PBXNativeTarget;
			buildConfigurationList = 77DEF7C7157ED8390057C06D /* Build configuration list for PBXNativeTarget "PinchIt" */;
			buildPhases = (
				77DEF7A5157ED8390057C06D /* Sources */,
				77DEF7A6157ED8390057C06D /* Frameworks */,
				77DEF7A7157ED8390057C06D /* Resources */,
			);
			buildRules = (
			);
			dependencies = (
			);
			name = PinchIt;
			productName = PinchIt;
			productReference = 77DEF7A9157ED8390057C06D /* PinchIt.app */;
			productType = "com.apple.product-type.application";
		};
/* End PBXNativeTarget section */

/* Begin PBXProject section */
		77DEF7A0157ED8390057C06D /* Project object */ = {
			isa = PBXProject;
			attributes = {
				LastUpgradeCheck = 0450;
				ORGANIZATIONNAME = "Apple Inc.";
			};
			buildConfigurationList = 77DEF7A3157ED8390057C06D /* Build configuration list for PBXProject "PinchIt" */;
			compatibilityVersion = "Xcode 3.2";
			developmentRegion = English;
			hasScannedForEncodings = 0;
			knownRegions = (
				en,
			);
			mainGroup = 77DEF79E157ED8390057C06D;
			productRefGroup = 77DEF7AA157ED8390057C06D /* Products */;
			projectDirPath = "";
			projectRoot = "";
			targets = (
				77DEF7A8157ED8390057C06D /* PinchIt */,
			);
		};
/* End PBXProject section */

/* Begin PBXResourcesBuildPhase section */
		77DEF7A7157ED8390057C06D /* Resources */ = {
			isa = PBXResourcesBuildPhase;
			buildActionMask = 2147483647;
			files = (
				77DEF7B8157ED8390057C06D /* InfoPlist.strings in Resources */,
			);
			runOnlyForDeploymentPostprocessing = 0;
		};
/* End PBXResourcesBuildPhase section */

/* Begin PBXSourcesBuildPhase section */
		77DEF7A5157ED8390057C06D /* Sources */ = {
			isa = PBXSourcesBuildPhase;
			buildActionMask = 2147483647;
			files = (
				77DEF7BA157ED8390057C06D /* main.m in Sources */,
				77DEF7BE157ED8390057C06D /* AppDelegate.m in Sources */,
				77DEF7C1157ED8390057C06D /* ViewController.m in Sources */,
				77DEF7CC157ED9380057C06D /* PinchLayout.m in Sources */,
				77DEF7CF157ED94C0057C06D /* Cell.m in Sources */,
				78EB4CF515CD3212002A67E0 /* PSCollectionView.m in Sources */,
				78EB4CF615CD3212002A67E0 /* PSCollectionViewCell.m in Sources */,
				78EB4CF715CD3212002A67E0 /* PSCollectionViewController.m in Sources */,
				78EB4CF815CD3212002A67E0 /* PSCollectionViewData.m in Sources */,
				78EB4CF915CD3212002A67E0 /* PSCollectionViewFlowLayout.m in Sources */,
				78EB4CFA15CD3212002A67E0 /* PSCollectionViewItemKey.m in Sources */,
				78EB4CFB15CD3212002A67E0 /* PSCollectionViewLayout.m in Sources */,
				78EB4CFC15CD3212002A67E0 /* PSGridLayoutInfo.m in Sources */,
				78EB4CFD15CD3212002A67E0 /* PSGridLayoutItem.m in Sources */,
				78EB4CFE15CD3212002A67E0 /* PSGridLayoutRow.m in Sources */,
				78EB4CFF15CD3212002A67E0 /* PSGridLayoutSection.m in Sources */,
			);
			runOnlyForDeploymentPostprocessing = 0;
		};
/* End PBXSourcesBuildPhase section */

/* Begin PBXVariantGroup section */
		77DEF7B6157ED8390057C06D /* InfoPlist.strings */ = {
			isa = PBXVariantGroup;
			children = (
				77DEF7B7157ED8390057C06D /* en */,
			);
			name = InfoPlist.strings;
			sourceTree = "<group>";
		};
/* End PBXVariantGroup section */

/* Begin XCBuildConfiguration section */
		77DEF7C5157ED8390057C06D /* Debug */ = {
			isa = XCBuildConfiguration;
			buildSettings = {
				ALWAYS_SEARCH_USER_PATHS = NO;
				CLANG_CXX_LANGUAGE_STANDARD = "gnu++0x";
				CLANG_ENABLE_OBJC_ARC = YES;
				CLANG_WARN__DUPLICATE_METHOD_MATCH = YES;
				"CODE_SIGN_IDENTITY[sdk=iphoneos*]" = "iPhone Developer";
				COPY_PHASE_STRIP = NO;
				GCC_C_LANGUAGE_STANDARD = gnu99;
				GCC_DYNAMIC_NO_PIC = NO;
				GCC_OPTIMIZATION_LEVEL = 0;
				GCC_PREPROCESSOR_DEFINITIONS = (
					"DEBUG=1",
					"$(inherited)",
				);
				GCC_SYMBOLS_PRIVATE_EXTERN = NO;
				GCC_WARN_ABOUT_RETURN_TYPE = YES;
				GCC_WARN_UNINITIALIZED_AUTOS = YES;
				GCC_WARN_UNUSED_VARIABLE = YES;
				IPHONEOS_DEPLOYMENT_TARGET = 6.0;
				SDKROOT = iphoneos;
				TARGETED_DEVICE_FAMILY = 2;
			};
			name = Debug;
		};
		77DEF7C6157ED8390057C06D /* Release */ = {
			isa = XCBuildConfiguration;
			buildSettings = {
				ALWAYS_SEARCH_USER_PATHS = NO;
				CLANG_CXX_LANGUAGE_STANDARD = "gnu++0x";
				CLANG_ENABLE_OBJC_ARC = YES;
				CLANG_WARN__DUPLICATE_METHOD_MATCH = YES;
				"CODE_SIGN_IDENTITY[sdk=iphoneos*]" = "iPhone Developer";
				COPY_PHASE_STRIP = YES;
				GCC_C_LANGUAGE_STANDARD = gnu99;
				GCC_WARN_ABOUT_RETURN_TYPE = YES;
				GCC_WARN_UNINITIALIZED_AUTOS = YES;
				GCC_WARN_UNUSED_VARIABLE = YES;
				IPHONEOS_DEPLOYMENT_TARGET = 6.0;
				OTHER_CFLAGS = "-DNS_BLOCK_ASSERTIONS=1";
				SDKROOT = iphoneos;
				TARGETED_DEVICE_FAMILY = 2;
				VALIDATE_PRODUCT = YES;
			};
			name = Release;
		};
		77DEF7C8157ED8390057C06D /* Debug */ = {
			isa = XCBuildConfiguration;
			buildSettings = {
				GCC_PRECOMPILE_PREFIX_HEADER = YES;
				GCC_PREFIX_HEADER = "PinchIt/PinchIt-Prefix.pch";
				INFOPLIST_FILE = "PinchIt/PinchIt-Info.plist";
				IPHONEOS_DEPLOYMENT_TARGET = 4.3;
				PRODUCT_NAME = "$(TARGET_NAME)";
				WRAPPER_EXTENSION = app;
			};
			name = Debug;
		};
		77DEF7C9157ED8390057C06D /* Release */ = {
			isa = XCBuildConfiguration;
			buildSettings = {
				GCC_PRECOMPILE_PREFIX_HEADER = YES;
				GCC_PREFIX_HEADER = "PinchIt/PinchIt-Prefix.pch";
				INFOPLIST_FILE = "PinchIt/PinchIt-Info.plist";
				IPHONEOS_DEPLOYMENT_TARGET = 4.3;
				PRODUCT_NAME = "$(TARGET_NAME)";
				WRAPPER_EXTENSION = app;
			};
			name = Release;
		};
/* End XCBuildConfiguration section */

/* Begin XCConfigurationList section */
		77DEF7A3157ED8390057C06D /* Build configuration list for PBXProject "PinchIt" */ = {
			isa = XCConfigurationList;
			buildConfigurations = (
				77DEF7C5157ED8390057C06D /* Debug */,
				77DEF7C6157ED8390057C06D /* Release */,
			);
			defaultConfigurationIsVisible = 0;
			defaultConfigurationName = Release;
		};
		77DEF7C7157ED8390057C06D /* Build configuration list for PBXNativeTarget "PinchIt" */ = {
			isa = XCConfigurationList;
			buildConfigurations = (
				77DEF7C8157ED8390057C06D /* Debug */,
				77DEF7C9157ED8390057C06D /* Release */,
			);
			defaultConfigurationIsVisible = 0;
			defaultConfigurationName = Release;
		};
/* End XCConfigurationList section */
	};
	rootObject = 77DEF7A0157ED8390057C06D /* Project object */;
}
