// !$*UTF8*$!
{
	archiveVersion = 1;
	classes = {
	};
	objectVersion = 46;
	objects = {

/* Begin PBXBuildFile section */
		77428709157FC1D600D085FC /* LineLayout.m in Sources */ = {isa = PBXBuildFile; fileRef = 77428708157FC1D600D085FC /* LineLayout.m */; };
		77428714157FC67600D085FC /* Cell.m in Sources */ = {isa = PBXBuildFile; fileRef = 77428713157FC67600D085FC /* Cell.m */; };
		77428716157FCB2500D085FC /* QuartzCore.framework in Frameworks */ = {isa = PBXBuildFile; fileRef = 77428715157FCB2500D085FC /* QuartzCore.framework */; };
		77C30BC7157FC0EB005E487B /* UIKit.framework in Frameworks */ = {isa = PBXBuildFile; fileRef = 77C30BC6157FC0EB005E487B /* UIKit.framework */; };
		77C30BC9157FC0EB005E487B /* Foundation.framework in Frameworks */ = {isa = PBXBuildFile; fileRef = 77C30BC8157FC0EB005E487B /* Foundation.framework */; };
		77C30BCB157FC0EB005E487B /* CoreGraphics.framework in Frameworks */ = {isa = PBXBuildFile; fileRef = 77C30BCA157FC0EB005E487B /* CoreGraphics.framework */; };
		77C30BD1157FC0EB005E487B /* InfoPlist.strings in Resources */ = {isa = PBXBuildFile; fileRef = 77C30BCF157FC0EB005E487B /* InfoPlist.strings */; };
		77C30BD3157FC0EB005E487B /* main.m in Sources */ = {isa = PBXBuildFile; fileRef = 77C30BD2157FC0EB005E487B /* main.m */; };
		77C30BD7157FC0EB005E487B /* AppDelegate.m in Sources */ = {isa = PBXBuildFile; fileRef = 77C30BD6157FC0EB005E487B /* AppDelegate.m */; };
		77C30BDA157FC0EB005E487B /* ViewController.m in Sources */ = {isa = PBXBuildFile; fileRef = 77C30BD9157FC0EB005E487B /* ViewController.m */; };
		78E7A7591654EE5C000C70BE /* PSTCollectionViewUpdateItem.m in Sources */ = {isa = PBXBuildFile; fileRef = 78E7A7581654EE5C000C70BE /* PSTCollectionViewUpdateItem.m */; };
		78E8AB21160A347800988317 /* PSTCollectionView.m in Sources */ = {isa = PBXBuildFile; fileRef = 78E8AB0B160A347800988317 /* PSTCollectionView.m */; };
		78E8AB22160A347800988317 /* PSTCollectionViewCell.m in Sources */ = {isa = PBXBuildFile; fileRef = 78E8AB0D160A347800988317 /* PSTCollectionViewCell.m */; };
		78E8AB23160A347800988317 /* PSTCollectionViewController.m in Sources */ = {isa = PBXBuildFile; fileRef = 78E8AB10160A347800988317 /* PSTCollectionViewController.m */; };
		78E8AB24160A347800988317 /* PSTCollectionViewData.m in Sources */ = {isa = PBXBuildFile; fileRef = 78E8AB12160A347800988317 /* PSTCollectionViewData.m */; };
		78E8AB25160A347800988317 /* PSTCollectionViewFlowLayout.m in Sources */ = {isa = PBXBuildFile; fileRef = 78E8AB14160A347800988317 /* PSTCollectionViewFlowLayout.m */; };
		78E8AB26160A347800988317 /* PSTCollectionViewItemKey.m in Sources */ = {isa = PBXBuildFile; fileRef = 78E8AB16160A347800988317 /* PSTCollectionViewItemKey.m */; };
		78E8AB27160A347800988317 /* PSTCollectionViewLayout.m in Sources */ = {isa = PBXBuildFile; fileRef = 78E8AB18160A347800988317 /* PSTCollectionViewLayout.m */; };
		78E8AB28160A347800988317 /* PSTGridLayoutInfo.m in Sources */ = {isa = PBXBuildFile; fileRef = 78E8AB1A160A347800988317 /* PSTGridLayoutInfo.m */; };
		78E8AB29160A347800988317 /* PSTGridLayoutItem.m in Sources */ = {isa = PBXBuildFile; fileRef = 78E8AB1C160A347800988317 /* PSTGridLayoutItem.m */; };
		78E8AB2A160A347800988317 /* PSTGridLayoutRow.m in Sources */ = {isa = PBXBuildFile; fileRef = 78E8AB1E160A347800988317 /* PSTGridLayoutRow.m */; };
		78E8AB2B160A347800988317 /* PSTGridLayoutSection.m in Sources */ = {isa = PBXBuildFile; fileRef = 78E8AB20160A347800988317 /* PSTGridLayoutSection.m */; };
		981FA1EB16C79BB100F6149A /* NSIndexPath+PSTCollectionViewAdditions.m in Sources */ = {isa = PBXBuildFile; fileRef = 981FA1EA16C79BB100F6149A /* NSIndexPath+PSTCollectionViewAdditions.m */; };
/* End PBXBuildFile section */

/* Begin PBXFileReference section */
		28B8D5CA1581811400386DDB /* ReadMe.txt */ = {isa = PBXFileReference; lastKnownFileType = text; path = ReadMe.txt; sourceTree = "<group>"; };
		77428707157FC1D600D085FC /* LineLayout.h */ = {isa = PBXFileReference; fileEncoding = 4; lastKnownFileType = sourcecode.c.h; path = LineLayout.h; sourceTree = "<group>"; };
		77428708157FC1D600D085FC /* LineLayout.m */ = {isa = PBXFileReference; fileEncoding = 4; lastKnownFileType = sourcecode.c.objc; path = LineLayout.m; sourceTree = "<group>"; };
		77428712157FC67600D085FC /* Cell.h */ = {isa = PBXFileReference; fileEncoding = 4; lastKnownFileType = sourcecode.c.h; path = Cell.h; sourceTree = "<group>"; };
		77428713157FC67600D085FC /* Cell.m */ = {isa = PBXFileReference; fileEncoding = 4; lastKnownFileType = sourcecode.c.objc; path = Cell.m; sourceTree = "<group>"; };
		77428715157FCB2500D085FC /* QuartzCore.framework */ = {isa = PBXFileReference; lastKnownFileType = wrapper.framework; name = QuartzCore.framework; path = System/Library/Frameworks/QuartzCore.framework; sourceTree = SDKROOT; };
		77C30BC2157FC0EB005E487B /* LineLayout.app */ = {isa = PBXFileReference; explicitFileType = wrapper.application; includeInIndex = 0; path = LineLayout.app; sourceTree = BUILT_PRODUCTS_DIR; };
		77C30BC6157FC0EB005E487B /* UIKit.framework */ = {isa = PBXFileReference; lastKnownFileType = wrapper.framework; name = UIKit.framework; path = System/Library/Frameworks/UIKit.framework; sourceTree = SDKROOT; };
		77C30BC8157FC0EB005E487B /* Foundation.framework */ = {isa = PBXFileReference; lastKnownFileType = wrapper.framework; name = Foundation.framework; path = System/Library/Frameworks/Foundation.framework; sourceTree = SDKROOT; };
		77C30BCA157FC0EB005E487B /* CoreGraphics.framework */ = {isa = PBXFileReference; lastKnownFileType = wrapper.framework; name = CoreGraphics.framework; path = System/Library/Frameworks/CoreGraphics.framework; sourceTree = SDKROOT; };
		77C30BCE157FC0EB005E487B /* LineLayout-Info.plist */ = {isa = PBXFileReference; lastKnownFileType = text.plist.xml; path = "LineLayout-Info.plist"; sourceTree = "<group>"; };
		77C30BD0157FC0EB005E487B /* en */ = {isa = PBXFileReference; lastKnownFileType = text.plist.strings; name = en; path = en.lproj/InfoPlist.strings; sourceTree = "<group>"; };
		77C30BD2157FC0EB005E487B /* main.m */ = {isa = PBXFileReference; lastKnownFileType = sourcecode.c.objc; path = main.m; sourceTree = "<group>"; };
		77C30BD4157FC0EB005E487B /* LineLayout-Prefix.pch */ = {isa = PBXFileReference; lastKnownFileType = sourcecode.c.h; path = "LineLayout-Prefix.pch"; sourceTree = "<group>"; };
		77C30BD5157FC0EB005E487B /* AppDelegate.h */ = {isa = PBXFileReference; lastKnownFileType = sourcecode.c.h; path = AppDelegate.h; sourceTree = "<group>"; };
		77C30BD6157FC0EB005E487B /* AppDelegate.m */ = {isa = PBXFileReference; lastKnownFileType = sourcecode.c.objc; path = AppDelegate.m; sourceTree = "<group>"; };
		77C30BD8157FC0EB005E487B /* ViewController.h */ = {isa = PBXFileReference; lastKnownFileType = sourcecode.c.h; path = ViewController.h; sourceTree = "<group>"; };
		77C30BD9157FC0EB005E487B /* ViewController.m */ = {isa = PBXFileReference; lastKnownFileType = sourcecode.c.objc; path = ViewController.m; sourceTree = "<group>"; };
		78E7A7571654EE5C000C70BE /* PSTCollectionViewUpdateItem.h */ = {isa = PBXFileReference; fileEncoding = 4; lastKnownFileType = sourcecode.c.h; path = PSTCollectionViewUpdateItem.h; sourceTree = "<group>"; };
		78E7A7581654EE5C000C70BE /* PSTCollectionViewUpdateItem.m */ = {isa = PBXFileReference; fileEncoding = 4; lastKnownFileType = sourcecode.c.objc; path = PSTCollectionViewUpdateItem.m; sourceTree = "<group>"; };
		78E8AB0A160A347800988317 /* PSTCollectionView.h */ = {isa = PBXFileReference; fileEncoding = 4; lastKnownFileType = sourcecode.c.h; path = PSTCollectionView.h; sourceTree = "<group>"; };
		78E8AB0B160A347800988317 /* PSTCollectionView.m */ = {isa = PBXFileReference; fileEncoding = 4; lastKnownFileType = sourcecode.c.objc; path = PSTCollectionView.m; sourceTree = "<group>"; };
		78E8AB0C160A347800988317 /* PSTCollectionViewCell.h */ = {isa = PBXFileReference; fileEncoding = 4; lastKnownFileType = sourcecode.c.h; path = PSTCollectionViewCell.h; sourceTree = "<group>"; };
		78E8AB0D160A347800988317 /* PSTCollectionViewCell.m */ = {isa = PBXFileReference; fileEncoding = 4; lastKnownFileType = sourcecode.c.objc; path = PSTCollectionViewCell.m; sourceTree = "<group>"; };
		78E8AB0E160A347800988317 /* PSTCollectionViewCommon.h */ = {isa = PBXFileReference; fileEncoding = 4; lastKnownFileType = sourcecode.c.h; path = PSTCollectionViewCommon.h; sourceTree = "<group>"; };
		78E8AB0F160A347800988317 /* PSTCollectionViewController.h */ = {isa = PBXFileReference; fileEncoding = 4; lastKnownFileType = sourcecode.c.h; path = PSTCollectionViewController.h; sourceTree = "<group>"; };
		78E8AB10160A347800988317 /* PSTCollectionViewController.m */ = {isa = PBXFileReference; fileEncoding = 4; lastKnownFileType = sourcecode.c.objc; path = PSTCollectionViewController.m; sourceTree = "<group>"; };
		78E8AB11160A347800988317 /* PSTCollectionViewData.h */ = {isa = PBXFileReference; fileEncoding = 4; lastKnownFileType = sourcecode.c.h; path = PSTCollectionViewData.h; sourceTree = "<group>"; };
		78E8AB12160A347800988317 /* PSTCollectionViewData.m */ = {isa = PBXFileReference; fileEncoding = 4; lastKnownFileType = sourcecode.c.objc; path = PSTCollectionViewData.m; sourceTree = "<group>"; };
		78E8AB13160A347800988317 /* PSTCollectionViewFlowLayout.h */ = {isa = PBXFileReference; fileEncoding = 4; lastKnownFileType = sourcecode.c.h; path = PSTCollectionViewFlowLayout.h; sourceTree = "<group>"; };
		78E8AB14160A347800988317 /* PSTCollectionViewFlowLayout.m */ = {isa = PBXFileReference; fileEncoding = 4; lastKnownFileType = sourcecode.c.objc; path = PSTCollectionViewFlowLayout.m; sourceTree = "<group>"; };
		78E8AB15160A347800988317 /* PSTCollectionViewItemKey.h */ = {isa = PBXFileReference; fileEncoding = 4; lastKnownFileType = sourcecode.c.h; path = PSTCollectionViewItemKey.h; sourceTree = "<group>"; };
		78E8AB16160A347800988317 /* PSTCollectionViewItemKey.m */ = {isa = PBXFileReference; fileEncoding = 4; lastKnownFileType = sourcecode.c.objc; path = PSTCollectionViewItemKey.m; sourceTree = "<group>"; };
		78E8AB17160A347800988317 /* PSTCollectionViewLayout.h */ = {isa = PBXFileReference; fileEncoding = 4; lastKnownFileType = sourcecode.c.h; path = PSTCollectionViewLayout.h; sourceTree = "<group>"; };
		78E8AB18160A347800988317 /* PSTCollectionViewLayout.m */ = {isa = PBXFileReference; fileEncoding = 4; lastKnownFileType = sourcecode.c.objc; path = PSTCollectionViewLayout.m; sourceTree = "<group>"; };
		78E8AB19160A347800988317 /* PSTGridLayoutInfo.h */ = {isa = PBXFileReference; fileEncoding = 4; lastKnownFileType = sourcecode.c.h; path = PSTGridLayoutInfo.h; sourceTree = "<group>"; };
		78E8AB1A160A347800988317 /* PSTGridLayoutInfo.m */ = {isa = PBXFileReference; fileEncoding = 4; lastKnownFileType = sourcecode.c.objc; path = PSTGridLayoutInfo.m; sourceTree = "<group>"; };
		78E8AB1B160A347800988317 /* PSTGridLayoutItem.h */ = {isa = PBXFileReference; fileEncoding = 4; lastKnownFileType = sourcecode.c.h; path = PSTGridLayoutItem.h; sourceTree = "<group>"; };
		78E8AB1C160A347800988317 /* PSTGridLayoutItem.m */ = {isa = PBXFileReference; fileEncoding = 4; lastKnownFileType = sourcecode.c.objc; path = PSTGridLayoutItem.m; sourceTree = "<group>"; };
		78E8AB1D160A347800988317 /* PSTGridLayoutRow.h */ = {isa = PBXFileReference; fileEncoding = 4; lastKnownFileType = sourcecode.c.h; path = PSTGridLayoutRow.h; sourceTree = "<group>"; };
		78E8AB1E160A347800988317 /* PSTGridLayoutRow.m */ = {isa = PBXFileReference; fileEncoding = 4; lastKnownFileType = sourcecode.c.objc; path = PSTGridLayoutRow.m; sourceTree = "<group>"; };
		78E8AB1F160A347800988317 /* PSTGridLayoutSection.h */ = {isa = PBXFileReference; fileEncoding = 4; lastKnownFileType = sourcecode.c.h; path = PSTGridLayoutSection.h; sourceTree = "<group>"; };
		78E8AB20160A347800988317 /* PSTGridLayoutSection.m */ = {isa = PBXFileReference; fileEncoding = 4; lastKnownFileType = sourcecode.c.objc; path = PSTGridLayoutSection.m; sourceTree = "<group>"; };
		981FA1E916C79BB100F6149A /* NSIndexPath+PSTCollectionViewAdditions.h */ = {isa = PBXFileReference; fileEncoding = 4; lastKnownFileType = sourcecode.c.h; path = "NSIndexPath+PSTCollectionViewAdditions.h"; sourceTree = "<group>"; };
		981FA1EA16C79BB100F6149A /* NSIndexPath+PSTCollectionViewAdditions.m */ = {isa = PBXFileReference; fileEncoding = 4; lastKnownFileType = sourcecode.c.objc; path = "NSIndexPath+PSTCollectionViewAdditions.m"; sourceTree = "<group>"; };
/* End PBXFileReference section */

/* Begin PBXFrameworksBuildPhase section */
		77C30BBF157FC0EB005E487B /* Frameworks */ = {
			isa = PBXFrameworksBuildPhase;
			buildActionMask = 2147483647;
			files = (
				77428716157FCB2500D085FC /* QuartzCore.framework in Frameworks */,
				77C30BC7157FC0EB005E487B /* UIKit.framework in Frameworks */,
				77C30BC9157FC0EB005E487B /* Foundation.framework in Frameworks */,
				77C30BCB157FC0EB005E487B /* CoreGraphics.framework in Frameworks */,
			);
			runOnlyForDeploymentPostprocessing = 0;
		};
/* End PBXFrameworksBuildPhase section */

/* Begin PBXGroup section */
		77C30BB7157FC0EB005E487B = {
			isa = PBXGroup;
			children = (
				28B8D5CA1581811400386DDB /* ReadMe.txt */,
				78E8AB09160A347800988317 /* PSTCollectionView */,
				77C30BCC157FC0EB005E487B /* LineLayout */,
				77C30BC5157FC0EB005E487B /* Frameworks */,
				77C30BC3157FC0EB005E487B /* Products */,
			);
			sourceTree = "<group>";
		};
		77C30BC3157FC0EB005E487B /* Products */ = {
			isa = PBXGroup;
			children = (
				77C30BC2157FC0EB005E487B /* LineLayout.app */,
			);
			name = Products;
			sourceTree = "<group>";
		};
		77C30BC5157FC0EB005E487B /* Frameworks */ = {
			isa = PBXGroup;
			children = (
				77428715157FCB2500D085FC /* QuartzCore.framework */,
				77C30BC6157FC0EB005E487B /* UIKit.framework */,
				77C30BC8157FC0EB005E487B /* Foundation.framework */,
				77C30BCA157FC0EB005E487B /* CoreGraphics.framework */,
			);
			name = Frameworks;
			sourceTree = "<group>";
		};
		77C30BCC157FC0EB005E487B /* LineLayout */ = {
			isa = PBXGroup;
			children = (
				77C30BD5157FC0EB005E487B /* AppDelegate.h */,
				77C30BD6157FC0EB005E487B /* AppDelegate.m */,
				77C30BD8157FC0EB005E487B /* ViewController.h */,
				77C30BD9157FC0EB005E487B /* ViewController.m */,
				77428707157FC1D600D085FC /* LineLayout.h */,
				77428708157FC1D600D085FC /* LineLayout.m */,
				77428712157FC67600D085FC /* Cell.h */,
				77428713157FC67600D085FC /* Cell.m */,
				77C30BCD157FC0EB005E487B /* Supporting Files */,
			);
			path = LineLayout;
			sourceTree = "<group>";
		};
		77C30BCD157FC0EB005E487B /* Supporting Files */ = {
			isa = PBXGroup;
			children = (
				77C30BCE157FC0EB005E487B /* LineLayout-Info.plist */,
				77C30BCF157FC0EB005E487B /* InfoPlist.strings */,
				77C30BD2157FC0EB005E487B /* main.m */,
				77C30BD4157FC0EB005E487B /* LineLayout-Prefix.pch */,
			);
			name = "Supporting Files";
			sourceTree = "<group>";
		};
		78E8AB09160A347800988317 /* PSTCollectionView */ = {
			isa = PBXGroup;
			children = (
				981FA1E916C79BB100F6149A /* NSIndexPath+PSTCollectionViewAdditions.h */,
				981FA1EA16C79BB100F6149A /* NSIndexPath+PSTCollectionViewAdditions.m */,
				78E8AB0A160A347800988317 /* PSTCollectionView.h */,
				78E8AB0B160A347800988317 /* PSTCollectionView.m */,
				78E8AB0C160A347800988317 /* PSTCollectionViewCell.h */,
				78E8AB0D160A347800988317 /* PSTCollectionViewCell.m */,
				78E8AB0E160A347800988317 /* PSTCollectionViewCommon.h */,
				78E8AB0F160A347800988317 /* PSTCollectionViewController.h */,
				78E8AB10160A347800988317 /* PSTCollectionViewController.m */,
				78E8AB11160A347800988317 /* PSTCollectionViewData.h */,
				78E8AB12160A347800988317 /* PSTCollectionViewData.m */,
				78E8AB13160A347800988317 /* PSTCollectionViewFlowLayout.h */,
				78E8AB14160A347800988317 /* PSTCollectionViewFlowLayout.m */,
				78E8AB15160A347800988317 /* PSTCollectionViewItemKey.h */,
				78E8AB16160A347800988317 /* PSTCollectionViewItemKey.m */,
				78E8AB17160A347800988317 /* PSTCollectionViewLayout.h */,
				78E8AB18160A347800988317 /* PSTCollectionViewLayout.m */,
				78E7A7571654EE5C000C70BE /* PSTCollectionViewUpdateItem.h */,
				78E7A7581654EE5C000C70BE /* PSTCollectionViewUpdateItem.m */,
				78E8AB19160A347800988317 /* PSTGridLayoutInfo.h */,
				78E8AB1A160A347800988317 /* PSTGridLayoutInfo.m */,
				78E8AB1B160A347800988317 /* PSTGridLayoutItem.h */,
				78E8AB1C160A347800988317 /* PSTGridLayoutItem.m */,
				78E8AB1D160A347800988317 /* PSTGridLayoutRow.h */,
				78E8AB1E160A347800988317 /* PSTGridLayoutRow.m */,
				78E8AB1F160A347800988317 /* PSTGridLayoutSection.h */,
				78E8AB20160A347800988317 /* PSTGridLayoutSection.m */,
			);
			name = PSTCollectionView;
			path = ../../PSTCollectionView;
			sourceTree = "<group>";
		};
/* End PBXGroup section */

/* Begin PBXNativeTarget section */
		77C30BC1157FC0EB005E487B /* LineLayout */ = {
			isa = PBXNativeTarget;
			buildConfigurationList = 77C30BE0157FC0EB005E487B /* Build configuration list for PBXNativeTarget "LineLayout" */;
			buildPhases = (
				77C30BBE157FC0EB005E487B /* Sources */,
				77C30BBF157FC0EB005E487B /* Frameworks */,
				77C30BC0157FC0EB005E487B /* Resources */,
			);
			buildRules = (
			);
			dependencies = (
			);
			name = LineLayout;
			productName = LineLayout;
			productReference = 77C30BC2157FC0EB005E487B /* LineLayout.app */;
			productType = "com.apple.product-type.application";
		};
/* End PBXNativeTarget section */

/* Begin PBXProject section */
		77C30BB9157FC0EB005E487B /* Project object */ = {
			isa = PBXProject;
			attributes = {
				LastUpgradeCheck = 0450;
			};
			buildConfigurationList = 77C30BBC157FC0EB005E487B /* Build configuration list for PBXProject "LineLayout" */;
			compatibilityVersion = "Xcode 3.2";
			developmentRegion = English;
			hasScannedForEncodings = 0;
			knownRegions = (
				en,
			);
			mainGroup = 77C30BB7157FC0EB005E487B;
			productRefGroup = 77C30BC3157FC0EB005E487B /* Products */;
			projectDirPath = "";
			projectRoot = "";
			targets = (
				77C30BC1157FC0EB005E487B /* LineLayout */,
			);
		};
/* End PBXProject section */

/* Begin PBXResourcesBuildPhase section */
		77C30BC0157FC0EB005E487B /* Resources */ = {
			isa = PBXResourcesBuildPhase;
			buildActionMask = 2147483647;
			files = (
				77C30BD1157FC0EB005E487B /* InfoPlist.strings in Resources */,
			);
			runOnlyForDeploymentPostprocessing = 0;
		};
/* End PBXResourcesBuildPhase section */

/* Begin PBXSourcesBuildPhase section */
		77C30BBE157FC0EB005E487B /* Sources */ = {
			isa = PBXSourcesBuildPhase;
			buildActionMask = 2147483647;
			files = (
				77C30BD3157FC0EB005E487B /* main.m in Sources */,
				77C30BD7157FC0EB005E487B /* AppDelegate.m in Sources */,
				77C30BDA157FC0EB005E487B /* ViewController.m in Sources */,
				77428709157FC1D600D085FC /* LineLayout.m in Sources */,
				77428714157FC67600D085FC /* Cell.m in Sources */,
				78E8AB21160A347800988317 /* PSTCollectionView.m in Sources */,
				78E8AB22160A347800988317 /* PSTCollectionViewCell.m in Sources */,
				78E8AB23160A347800988317 /* PSTCollectionViewController.m in Sources */,
				78E8AB24160A347800988317 /* PSTCollectionViewData.m in Sources */,
				78E8AB25160A347800988317 /* PSTCollectionViewFlowLayout.m in Sources */,
				78E8AB26160A347800988317 /* PSTCollectionViewItemKey.m in Sources */,
				78E8AB27160A347800988317 /* PSTCollectionViewLayout.m in Sources */,
				78E8AB28160A347800988317 /* PSTGridLayoutInfo.m in Sources */,
				78E8AB29160A347800988317 /* PSTGridLayoutItem.m in Sources */,
				78E8AB2A160A347800988317 /* PSTGridLayoutRow.m in Sources */,
				78E8AB2B160A347800988317 /* PSTGridLayoutSection.m in Sources */,
				78E7A7591654EE5C000C70BE /* PSTCollectionViewUpdateItem.m in Sources */,
				981FA1EB16C79BB100F6149A /* NSIndexPath+PSTCollectionViewAdditions.m in Sources */,
			);
			runOnlyForDeploymentPostprocessing = 0;
		};
/* End PBXSourcesBuildPhase section */

/* Begin PBXVariantGroup section */
		77C30BCF157FC0EB005E487B /* InfoPlist.strings */ = {
			isa = PBXVariantGroup;
			children = (
				77C30BD0157FC0EB005E487B /* en */,
			);
			name = InfoPlist.strings;
			sourceTree = "<group>";
		};
/* End PBXVariantGroup section */

/* Begin XCBuildConfiguration section */
		77C30BDE157FC0EB005E487B /* Debug */ = {
			isa = XCBuildConfiguration;
			buildSettings = {
				ALWAYS_SEARCH_USER_PATHS = NO;
				CLANG_CXX_LANGUAGE_STANDARD = "gnu++0x";
				CLANG_ENABLE_OBJC_ARC = YES;
				CLANG_WARN__DUPLICATE_METHOD_MATCH = YES;
				"CODE_SIGN_IDENTITY[sdk=iphoneos*]" = "iPhone Developer";
				COPY_PHASE_STRIP = NO;
				GCC_C_LANGUAGE_STANDARD = gnu99;
				GCC_DYNAMIC_NO_PIC = NO;
				GCC_OPTIMIZATION_LEVEL = 0;
				GCC_PREPROCESSOR_DEFINITIONS = (
					"DEBUG=1",
					"$(inherited)",
				);
				GCC_SYMBOLS_PRIVATE_EXTERN = NO;
				GCC_WARN_ABOUT_RETURN_TYPE = YES;
				GCC_WARN_UNINITIALIZED_AUTOS = YES;
				GCC_WARN_UNUSED_VARIABLE = YES;
				IPHONEOS_DEPLOYMENT_TARGET = 6.0;
				SDKROOT = iphoneos;
				TARGETED_DEVICE_FAMILY = 2;
			};
			name = Debug;
		};
		77C30BDF157FC0EB005E487B /* Release */ = {
			isa = XCBuildConfiguration;
			buildSettings = {
				ALWAYS_SEARCH_USER_PATHS = NO;
				CLANG_CXX_LANGUAGE_STANDARD = "gnu++0x";
				CLANG_ENABLE_OBJC_ARC = YES;
				CLANG_WARN__DUPLICATE_METHOD_MATCH = YES;
				"CODE_SIGN_IDENTITY[sdk=iphoneos*]" = "iPhone Developer";
				COPY_PHASE_STRIP = YES;
				GCC_C_LANGUAGE_STANDARD = gnu99;
				GCC_WARN_ABOUT_RETURN_TYPE = YES;
				GCC_WARN_UNINITIALIZED_AUTOS = YES;
				GCC_WARN_UNUSED_VARIABLE = YES;
				IPHONEOS_DEPLOYMENT_TARGET = 6.0;
				OTHER_CFLAGS = "-DNS_BLOCK_ASSERTIONS=1";
				SDKROOT = iphoneos;
				TARGETED_DEVICE_FAMILY = 2;
				VALIDATE_PRODUCT = YES;
			};
			name = Release;
		};
		77C30BE1157FC0EB005E487B /* Debug */ = {
			isa = XCBuildConfiguration;
			buildSettings = {
				GCC_PRECOMPILE_PREFIX_HEADER = YES;
				GCC_PREFIX_HEADER = "LineLayout/LineLayout-Prefix.pch";
				INFOPLIST_FILE = "LineLayout/LineLayout-Info.plist";
				IPHONEOS_DEPLOYMENT_TARGET = 4.3;
				PRODUCT_NAME = "$(TARGET_NAME)";
				WRAPPER_EXTENSION = app;
			};
			name = Debug;
		};
		77C30BE2157FC0EB005E487B /* Release */ = {
			isa = XCBuildConfiguration;
			buildSettings = {
				GCC_PRECOMPILE_PREFIX_HEADER = YES;
				GCC_PREFIX_HEADER = "LineLayout/LineLayout-Prefix.pch";
				INFOPLIST_FILE = "LineLayout/LineLayout-Info.plist";
				IPHONEOS_DEPLOYMENT_TARGET = 4.3;
				PRODUCT_NAME = "$(TARGET_NAME)";
				WRAPPER_EXTENSION = app;
			};
			name = Release;
		};
/* End XCBuildConfiguration section */

/* Begin XCConfigurationList section */
		77C30BBC157FC0EB005E487B /* Build configuration list for PBXProject "LineLayout" */ = {
			isa = XCConfigurationList;
			buildConfigurations = (
				77C30BDE157FC0EB005E487B /* Debug */,
				77C30BDF157FC0EB005E487B /* Release */,
			);
			defaultConfigurationIsVisible = 0;
			defaultConfigurationName = Release;
		};
		77C30BE0157FC0EB005E487B /* Build configuration list for PBXNativeTarget "LineLayout" */ = {
			isa = XCConfigurationList;
			buildConfigurations = (
				77C30BE1157FC0EB005E487B /* Debug */,
				77C30BE2157FC0EB005E487B /* Release */,
			);
			defaultConfigurationIsVisible = 0;
			defaultConfigurationName = Release;
		};
/* End XCConfigurationList section */
	};
	rootObject = 77C30BB9157FC0EB005E487B /* Project object */;
}
