// !$*UTF8*$!
{
	archiveVersion = 1;
	classes = {
	};
	objectVersion = 46;
	objects = {

/* Begin PBXBuildFile section */
		53113E7D159E787A00E1FBC5 /* DetailViewController.m in Sources */ = {isa = PBXBuildFile; fileRef = 53113E7C159E787A00E1FBC5 /* DetailViewController.m */; };
		533304E615C0667E00255780 /* 0_full.JPG in Resources */ = {isa = PBXBuildFile; fileRef = 533304A515C0667E00255780 /* 0_full.JPG */; };
		533304E715C0667E00255780 /* 10_full.JPG in Resources */ = {isa = PBXBuildFile; fileRef = 533304A615C0667E00255780 /* 10_full.JPG */; };
		533304E815C0667E00255780 /* 11_full.JPG in Resources */ = {isa = PBXBuildFile; fileRef = 533304A715C0667E00255780 /* 11_full.JPG */; };
		533304E915C0667E00255780 /* 12_full.JPG in Resources */ = {isa = PBXBuildFile; fileRef = 533304A815C0667E00255780 /* 12_full.JPG */; };
		533304EA15C0667E00255780 /* 13_full.JPG in Resources */ = {isa = PBXBuildFile; fileRef = 533304A915C0667E00255780 /* 13_full.JPG */; };
		533304EB15C0667E00255780 /* 14_full.JPG in Resources */ = {isa = PBXBuildFile; fileRef = 533304AA15C0667E00255780 /* 14_full.JPG */; };
		533304EC15C0667E00255780 /* 15_full.JPG in Resources */ = {isa = PBXBuildFile; fileRef = 533304AB15C0667E00255780 /* 15_full.JPG */; };
		533304ED15C0667E00255780 /* 16_full.JPG in Resources */ = {isa = PBXBuildFile; fileRef = 533304AC15C0667E00255780 /* 16_full.JPG */; };
		533304EE15C0667E00255780 /* 17_full.JPG in Resources */ = {isa = PBXBuildFile; fileRef = 533304AD15C0667E00255780 /* 17_full.JPG */; };
		533304EF15C0667E00255780 /* 18_full.JPG in Resources */ = {isa = PBXBuildFile; fileRef = 533304AE15C0667E00255780 /* 18_full.JPG */; };
		533304F015C0667E00255780 /* 19_full.JPG in Resources */ = {isa = PBXBuildFile; fileRef = 533304AF15C0667E00255780 /* 19_full.JPG */; };
		533304F115C0667E00255780 /* 1_full.JPG in Resources */ = {isa = PBXBuildFile; fileRef = 533304B015C0667E00255780 /* 1_full.JPG */; };
		533304F215C0667E00255780 /* 20_full.JPG in Resources */ = {isa = PBXBuildFile; fileRef = 533304B115C0667E00255780 /* 20_full.JPG */; };
		533304F315C0667E00255780 /* 21_full.JPG in Resources */ = {isa = PBXBuildFile; fileRef = 533304B215C0667E00255780 /* 21_full.JPG */; };
		533304F415C0667E00255780 /* 22_full.JPG in Resources */ = {isa = PBXBuildFile; fileRef = 533304B315C0667E00255780 /* 22_full.JPG */; };
		533304F515C0667E00255780 /* 23_full.JPG in Resources */ = {isa = PBXBuildFile; fileRef = 533304B415C0667E00255780 /* 23_full.JPG */; };
		533304F615C0667E00255780 /* 24_full.JPG in Resources */ = {isa = PBXBuildFile; fileRef = 533304B515C0667E00255780 /* 24_full.JPG */; };
		533304F715C0667E00255780 /* 25_full.JPG in Resources */ = {isa = PBXBuildFile; fileRef = 533304B615C0667E00255780 /* 25_full.JPG */; };
		533304F815C0667E00255780 /* 26_full.JPG in Resources */ = {isa = PBXBuildFile; fileRef = 533304B715C0667E00255780 /* 26_full.JPG */; };
		533304F915C0667E00255780 /* 27_full.JPG in Resources */ = {isa = PBXBuildFile; fileRef = 533304B815C0667E00255780 /* 27_full.JPG */; };
		533304FA15C0667E00255780 /* 28_full.JPG in Resources */ = {isa = PBXBuildFile; fileRef = 533304B915C0667E00255780 /* 28_full.JPG */; };
		533304FB15C0667E00255780 /* 29_full.JPG in Resources */ = {isa = PBXBuildFile; fileRef = 533304BA15C0667E00255780 /* 29_full.JPG */; };
		533304FC15C0667E00255780 /* 2_full.JPG in Resources */ = {isa = PBXBuildFile; fileRef = 533304BB15C0667E00255780 /* 2_full.JPG */; };
		533304FD15C0667E00255780 /* 30_full.JPG in Resources */ = {isa = PBXBuildFile; fileRef = 533304BC15C0667E00255780 /* 30_full.JPG */; };
		533304FE15C0667E00255780 /* 31_full.JPG in Resources */ = {isa = PBXBuildFile; fileRef = 533304BD15C0667E00255780 /* 31_full.JPG */; };
		5333050015C0667E00255780 /* 4_full.JPG in Resources */ = {isa = PBXBuildFile; fileRef = 533304BF15C0667E00255780 /* 4_full.JPG */; };
		5333050115C0667E00255780 /* 5_full.JPG in Resources */ = {isa = PBXBuildFile; fileRef = 533304C015C0667E00255780 /* 5_full.JPG */; };
		5333050215C0667E00255780 /* 6_full.JPG in Resources */ = {isa = PBXBuildFile; fileRef = 533304C115C0667E00255780 /* 6_full.JPG */; };
		5333050315C0667E00255780 /* 7_full.JPG in Resources */ = {isa = PBXBuildFile; fileRef = 533304C215C0667E00255780 /* 7_full.JPG */; };
		5333050415C0667E00255780 /* 8_full.JPG in Resources */ = {isa = PBXBuildFile; fileRef = 533304C315C0667E00255780 /* 8_full.JPG */; };
		5333050515C0667E00255780 /* 9_full.JPG in Resources */ = {isa = PBXBuildFile; fileRef = 533304C415C0667E00255780 /* 9_full.JPG */; };
		5333050615C0667E00255780 /* 0.JPG in Resources */ = {isa = PBXBuildFile; fileRef = 533304C615C0667E00255780 /* 0.JPG */; };
		5333050715C0667E00255780 /* 1.JPG in Resources */ = {isa = PBXBuildFile; fileRef = 533304C715C0667E00255780 /* 1.JPG */; };
		5333050815C0667E00255780 /* 10.JPG in Resources */ = {isa = PBXBuildFile; fileRef = 533304C815C0667E00255780 /* 10.JPG */; };
		5333050915C0667E00255780 /* 11.JPG in Resources */ = {isa = PBXBuildFile; fileRef = 533304C915C0667E00255780 /* 11.JPG */; };
		5333050A15C0667E00255780 /* 12.JPG in Resources */ = {isa = PBXBuildFile; fileRef = 533304CA15C0667E00255780 /* 12.JPG */; };
		5333050B15C0667E00255780 /* 13.JPG in Resources */ = {isa = PBXBuildFile; fileRef = 533304CB15C0667E00255780 /* 13.JPG */; };
		5333050C15C0667E00255780 /* 14.JPG in Resources */ = {isa = PBXBuildFile; fileRef = 533304CC15C0667E00255780 /* 14.JPG */; };
		5333050D15C0667E00255780 /* 15.JPG in Resources */ = {isa = PBXBuildFile; fileRef = 533304CD15C0667E00255780 /* 15.JPG */; };
		5333050E15C0667E00255780 /* 16.JPG in Resources */ = {isa = PBXBuildFile; fileRef = 533304CE15C0667E00255780 /* 16.JPG */; };
		5333051015C0667E00255780 /* 18.JPG in Resources */ = {isa = PBXBuildFile; fileRef = 533304D015C0667E00255780 /* 18.JPG */; };
		5333051115C0667E00255780 /* 19.JPG in Resources */ = {isa = PBXBuildFile; fileRef = 533304D115C0667E00255780 /* 19.JPG */; };
		5333051215C0667E00255780 /* 2.JPG in Resources */ = {isa = PBXBuildFile; fileRef = 533304D215C0667E00255780 /* 2.JPG */; };
		5333051315C0667E00255780 /* 20.JPG in Resources */ = {isa = PBXBuildFile; fileRef = 533304D315C0667E00255780 /* 20.JPG */; };
		5333051415C0667E00255780 /* 21.JPG in Resources */ = {isa = PBXBuildFile; fileRef = 533304D415C0667E00255780 /* 21.JPG */; };
		5333051515C0667E00255780 /* 22.JPG in Resources */ = {isa = PBXBuildFile; fileRef = 533304D515C0667E00255780 /* 22.JPG */; };
		5333051615C0667E00255780 /* 23.JPG in Resources */ = {isa = PBXBuildFile; fileRef = 533304D615C0667E00255780 /* 23.JPG */; };
		5333051715C0667E00255780 /* 24.JPG in Resources */ = {isa = PBXBuildFile; fileRef = 533304D715C0667E00255780 /* 24.JPG */; };
		5333051815C0667E00255780 /* 25.JPG in Resources */ = {isa = PBXBuildFile; fileRef = 533304D815C0667E00255780 /* 25.JPG */; };
		5333051915C0667E00255780 /* 26.JPG in Resources */ = {isa = PBXBuildFile; fileRef = 533304D915C0667E00255780 /* 26.JPG */; };
		5333051A15C0667E00255780 /* 27.JPG in Resources */ = {isa = PBXBuildFile; fileRef = 533304DA15C0667E00255780 /* 27.JPG */; };
		5333051B15C0667E00255780 /* 28.JPG in Resources */ = {isa = PBXBuildFile; fileRef = 533304DB15C0667E00255780 /* 28.JPG */; };
		5333051C15C0667E00255780 /* 29.JPG in Resources */ = {isa = PBXBuildFile; fileRef = 533304DC15C0667E00255780 /* 29.JPG */; };
		5333051D15C0667E00255780 /* 3.JPG in Resources */ = {isa = PBXBuildFile; fileRef = 533304DD15C0667E00255780 /* 3.JPG */; };
		5333051E15C0667E00255780 /* 30.JPG in Resources */ = {isa = PBXBuildFile; fileRef = 533304DE15C0667E00255780 /* 30.JPG */; };
		5333051F15C0667E00255780 /* 31.JPG in Resources */ = {isa = PBXBuildFile; fileRef = 533304DF15C0667E00255780 /* 31.JPG */; };
		5333052015C0667E00255780 /* 4.JPG in Resources */ = {isa = PBXBuildFile; fileRef = 533304E015C0667E00255780 /* 4.JPG */; };
		5333052115C0667E00255780 /* 5.JPG in Resources */ = {isa = PBXBuildFile; fileRef = 533304E115C0667E00255780 /* 5.JPG */; };
		5333052215C0667E00255780 /* 6.JPG in Resources */ = {isa = PBXBuildFile; fileRef = 533304E215C0667E00255780 /* 6.JPG */; };
		5333052315C0667E00255780 /* 7.JPG in Resources */ = {isa = PBXBuildFile; fileRef = 533304E315C0667E00255780 /* 7.JPG */; };
		5333052415C0667E00255780 /* 8.JPG in Resources */ = {isa = PBXBuildFile; fileRef = 533304E415C0667E00255780 /* 8.JPG */; };
		5333052515C0667E00255780 /* 9.JPG in Resources */ = {isa = PBXBuildFile; fileRef = 533304E515C0667E00255780 /* 9.JPG */; };
		5333052715C06B0900255780 /* 17.JPG in Resources */ = {isa = PBXBuildFile; fileRef = 5333052615C06B0900255780 /* 17.JPG */; };
		5333052915C06BA700255780 /* 3_full.JPG in Resources */ = {isa = PBXBuildFile; fileRef = 5333052815C06BA700255780 /* 3_full.JPG */; };
		5349A0761607846D002E2F9E /* Default@2x.png in Resources */ = {isa = PBXBuildFile; fileRef = 5349A0751607846D002E2F9E /* Default@2x.png */; };
		5349A07A16078563002E2F9E /* Default-568h@2x.png in Resources */ = {isa = PBXBuildFile; fileRef = 5349A07816078563002E2F9E /* Default-568h@2x.png */; };
		53BA2F761607979E00192A7A /* Default-Portrait@2x.png in Resources */ = {isa = PBXBuildFile; fileRef = 53BA2F751607979E00192A7A /* Default-Portrait@2x.png */; };
		53BA2F791607982A00192A7A /* Default-Landscape@2x~ipad.png in Resources */ = {isa = PBXBuildFile; fileRef = 53BA2F781607982A00192A7A /* Default-Landscape@2x~ipad.png */; };
		53BA2F7B160798C400192A7A /* Default-Landscape@2x.png in Resources */ = {isa = PBXBuildFile; fileRef = 53BA2F7A160798C400192A7A /* Default-Landscape@2x.png */; };
		53C4ED36159E740C0019285D /* UIKit.framework in Frameworks */ = {isa = PBXBuildFile; fileRef = 53C4ED35159E740C0019285D /* UIKit.framework */; };
		53C4ED38159E740C0019285D /* Foundation.framework in Frameworks */ = {isa = PBXBuildFile; fileRef = 53C4ED37159E740C0019285D /* Foundation.framework */; };
		53C4ED3A159E740C0019285D /* CoreGraphics.framework in Frameworks */ = {isa = PBXBuildFile; fileRef = 53C4ED39159E740C0019285D /* CoreGraphics.framework */; };
		53C4ED42159E740C0019285D /* main.m in Sources */ = {isa = PBXBuildFile; fileRef = 53C4ED41159E740C0019285D /* main.m */; };
		53C4ED46159E740C0019285D /* AppDelegate.m in Sources */ = {isa = PBXBuildFile; fileRef = 53C4ED45159E740C0019285D /* AppDelegate.m */; };
		53C4ED49159E740D0019285D /* MainStoryboard.storyboard in Resources */ = {isa = PBXBuildFile; fileRef = 53C4ED47159E740D0019285D /* MainStoryboard.storyboard */; };
		53C4ED4C159E740D0019285D /* ViewController.m in Sources */ = {isa = PBXBuildFile; fileRef = 53C4ED4B159E740D0019285D /* ViewController.m */; };
		53C4ED54159E75F40019285D /* Cell.m in Sources */ = {isa = PBXBuildFile; fileRef = 53C4ED53159E75F40019285D /* Cell.m */; };
		53E25AA115A399EC0004F894 /* CustomCellBackground.m in Sources */ = {isa = PBXBuildFile; fileRef = 53E25AA015A399EC0004F894 /* CustomCellBackground.m */; };
		78E7A7681654EF15000C70BE /* PSTCollectionViewUpdateItem.m in Sources */ = {isa = PBXBuildFile; fileRef = 78E7A7671654EF15000C70BE /* PSTCollectionViewUpdateItem.m */; };
		78E9A7F01613EAF80066752B /* QuartzCore.framework in Frameworks */ = {isa = PBXBuildFile; fileRef = 78E9A7EF1613EAF80066752B /* QuartzCore.framework */; };
		78E9A80D1613EC640066752B /* PSTCollectionView.m in Sources */ = {isa = PBXBuildFile; fileRef = 78E9A7F71613EC640066752B /* PSTCollectionView.m */; };
		78E9A80E1613EC640066752B /* PSTCollectionViewCell.m in Sources */ = {isa = PBXBuildFile; fileRef = 78E9A7F91613EC640066752B /* PSTCollectionViewCell.m */; };
		78E9A80F1613EC640066752B /* PSTCollectionViewController.m in Sources */ = {isa = PBXBuildFile; fileRef = 78E9A7FC1613EC640066752B /* PSTCollectionViewController.m */; };
		78E9A8101613EC640066752B /* PSTCollectionViewData.m in Sources */ = {isa = PBXBuildFile; fileRef = 78E9A7FE1613EC640066752B /* PSTCollectionViewData.m */; };
		78E9A8111613EC640066752B /* PSTCollectionViewFlowLayout.m in Sources */ = {isa = PBXBuildFile; fileRef = 78E9A8001613EC640066752B /* PSTCollectionViewFlowLayout.m */; };
		78E9A8121613EC640066752B /* PSTCollectionViewItemKey.m in Sources */ = {isa = PBXBuildFile; fileRef = 78E9A8021613EC640066752B /* PSTCollectionViewItemKey.m */; };
		78E9A8131613EC640066752B /* PSTCollectionViewLayout.m in Sources */ = {isa = PBXBuildFile; fileRef = 78E9A8041613EC640066752B /* PSTCollectionViewLayout.m */; };
		78E9A8141613EC640066752B /* PSTGridLayoutInfo.m in Sources */ = {isa = PBXBuildFile; fileRef = 78E9A8061613EC640066752B /* PSTGridLayoutInfo.m */; };
		78E9A8151613EC640066752B /* PSTGridLayoutItem.m in Sources */ = {isa = PBXBuildFile; fileRef = 78E9A8081613EC640066752B /* PSTGridLayoutItem.m */; };
		78E9A8161613EC640066752B /* PSTGridLayoutRow.m in Sources */ = {isa = PBXBuildFile; fileRef = 78E9A80A1613EC640066752B /* PSTGridLayoutRow.m */; };
		78E9A8171613EC640066752B /* PSTGridLayoutSection.m in Sources */ = {isa = PBXBuildFile; fileRef = 78E9A80C1613EC640066752B /* PSTGridLayoutSection.m */; };
		981FA1E216C79B2E00F6149A /* NSIndexPath+PSTCollectionViewAdditions.m in Sources */ = {isa = PBXBuildFile; fileRef = 981FA1E116C79B2E00F6149A /* NSIndexPath+PSTCollectionViewAdditions.m */; };
/* End PBXBuildFile section */

/* Begin PBXFileReference section */
		53113E7B159E787A00E1FBC5 /* DetailViewController.h */ = {isa = PBXFileReference; fileEncoding = 4; lastKnownFileType = sourcecode.c.h; path = DetailViewController.h; sourceTree = "<group>"; };
		53113E7C159E787A00E1FBC5 /* DetailViewController.m */ = {isa = PBXFileReference; fileEncoding = 4; lastKnownFileType = sourcecode.c.objc; path = DetailViewController.m; sourceTree = "<group>"; };
		533304A515C0667E00255780 /* 0_full.JPG */ = {isa = PBXFileReference; lastKnownFileType = image.jpeg; path = 0_full.JPG; sourceTree = "<group>"; };
		533304A615C0667E00255780 /* 10_full.JPG */ = {isa = PBXFileReference; lastKnownFileType = image.jpeg; path = 10_full.JPG; sourceTree = "<group>"; };
		533304A715C0667E00255780 /* 11_full.JPG */ = {isa = PBXFileReference; lastKnownFileType = image.jpeg; path = 11_full.JPG; sourceTree = "<group>"; };
		533304A815C0667E00255780 /* 12_full.JPG */ = {isa = PBXFileReference; lastKnownFileType = image.jpeg; path = 12_full.JPG; sourceTree = "<group>"; };
		533304A915C0667E00255780 /* 13_full.JPG */ = {isa = PBXFileReference; lastKnownFileType = image.jpeg; path = 13_full.JPG; sourceTree = "<group>"; };
		533304AA15C0667E00255780 /* 14_full.JPG */ = {isa = PBXFileReference; lastKnownFileType = image.jpeg; path = 14_full.JPG; sourceTree = "<group>"; };
		533304AB15C0667E00255780 /* 15_full.JPG */ = {isa = PBXFileReference; lastKnownFileType = image.jpeg; path = 15_full.JPG; sourceTree = "<group>"; };
		533304AC15C0667E00255780 /* 16_full.JPG */ = {isa = PBXFileReference; lastKnownFileType = image.jpeg; path = 16_full.JPG; sourceTree = "<group>"; };
		533304AD15C0667E00255780 /* 17_full.JPG */ = {isa = PBXFileReference; lastKnownFileType = image.jpeg; path = 17_full.JPG; sourceTree = "<group>"; };
		533304AE15C0667E00255780 /* 18_full.JPG */ = {isa = PBXFileReference; lastKnownFileType = image.jpeg; path = 18_full.JPG; sourceTree = "<group>"; };
		533304AF15C0667E00255780 /* 19_full.JPG */ = {isa = PBXFileReference; lastKnownFileType = image.jpeg; path = 19_full.JPG; sourceTree = "<group>"; };
		533304B015C0667E00255780 /* 1_full.JPG */ = {isa = PBXFileReference; lastKnownFileType = image.jpeg; path = 1_full.JPG; sourceTree = "<group>"; };
		533304B115C0667E00255780 /* 20_full.JPG */ = {isa = PBXFileReference; lastKnownFileType = image.jpeg; path = 20_full.JPG; sourceTree = "<group>"; };
		533304B215C0667E00255780 /* 21_full.JPG */ = {isa = PBXFileReference; lastKnownFileType = image.jpeg; path = 21_full.JPG; sourceTree = "<group>"; };
		533304B315C0667E00255780 /* 22_full.JPG */ = {isa = PBXFileReference; lastKnownFileType = image.jpeg; path = 22_full.JPG; sourceTree = "<group>"; };
		533304B415C0667E00255780 /* 23_full.JPG */ = {isa = PBXFileReference; lastKnownFileType = image.jpeg; path = 23_full.JPG; sourceTree = "<group>"; };
		533304B515C0667E00255780 /* 24_full.JPG */ = {isa = PBXFileReference; lastKnownFileType = image.jpeg; path = 24_full.JPG; sourceTree = "<group>"; };
		533304B615C0667E00255780 /* 25_full.JPG */ = {isa = PBXFileReference; lastKnownFileType = image.jpeg; path = 25_full.JPG; sourceTree = "<group>"; };
		533304B715C0667E00255780 /* 26_full.JPG */ = {isa = PBXFileReference; lastKnownFileType = image.jpeg; path = 26_full.JPG; sourceTree = "<group>"; };
		533304B815C0667E00255780 /* 27_full.JPG */ = {isa = PBXFileReference; lastKnownFileType = image.jpeg; path = 27_full.JPG; sourceTree = "<group>"; };
		533304B915C0667E00255780 /* 28_full.JPG */ = {isa = PBXFileReference; lastKnownFileType = image.jpeg; path = 28_full.JPG; sourceTree = "<group>"; };
		533304BA15C0667E00255780 /* 29_full.JPG */ = {isa = PBXFileReference; lastKnownFileType = image.jpeg; path = 29_full.JPG; sourceTree = "<group>"; };
		533304BB15C0667E00255780 /* 2_full.JPG */ = {isa = PBXFileReference; lastKnownFileType = image.jpeg; path = 2_full.JPG; sourceTree = "<group>"; };
		533304BC15C0667E00255780 /* 30_full.JPG */ = {isa = PBXFileReference; lastKnownFileType = image.jpeg; path = 30_full.JPG; sourceTree = "<group>"; };
		533304BD15C0667E00255780 /* 31_full.JPG */ = {isa = PBXFileReference; lastKnownFileType = image.jpeg; path = 31_full.JPG; sourceTree = "<group>"; };
		533304BF15C0667E00255780 /* 4_full.JPG */ = {isa = PBXFileReference; lastKnownFileType = image.jpeg; path = 4_full.JPG; sourceTree = "<group>"; };
		533304C015C0667E00255780 /* 5_full.JPG */ = {isa = PBXFileReference; lastKnownFileType = image.jpeg; path = 5_full.JPG; sourceTree = "<group>"; };
		533304C115C0667E00255780 /* 6_full.JPG */ = {isa = PBXFileReference; lastKnownFileType = image.jpeg; path = 6_full.JPG; sourceTree = "<group>"; };
		533304C215C0667E00255780 /* 7_full.JPG */ = {isa = PBXFileReference; lastKnownFileType = image.jpeg; path = 7_full.JPG; sourceTree = "<group>"; };
		533304C315C0667E00255780 /* 8_full.JPG */ = {isa = PBXFileReference; lastKnownFileType = image.jpeg; path = 8_full.JPG; sourceTree = "<group>"; };
		533304C415C0667E00255780 /* 9_full.JPG */ = {isa = PBXFileReference; lastKnownFileType = image.jpeg; path = 9_full.JPG; sourceTree = "<group>"; };
		533304C615C0667E00255780 /* 0.JPG */ = {isa = PBXFileReference; lastKnownFileType = image.jpeg; path = 0.JPG; sourceTree = "<group>"; };
		533304C715C0667E00255780 /* 1.JPG */ = {isa = PBXFileReference; lastKnownFileType = image.jpeg; path = 1.JPG; sourceTree = "<group>"; };
		533304C815C0667E00255780 /* 10.JPG */ = {isa = PBXFileReference; lastKnownFileType = image.jpeg; path = 10.JPG; sourceTree = "<group>"; };
		533304C915C0667E00255780 /* 11.JPG */ = {isa = PBXFileReference; lastKnownFileType = image.jpeg; path = 11.JPG; sourceTree = "<group>"; };
		533304CA15C0667E00255780 /* 12.JPG */ = {isa = PBXFileReference; lastKnownFileType = image.jpeg; path = 12.JPG; sourceTree = "<group>"; };
		533304CB15C0667E00255780 /* 13.JPG */ = {isa = PBXFileReference; lastKnownFileType = image.jpeg; path = 13.JPG; sourceTree = "<group>"; };
		533304CC15C0667E00255780 /* 14.JPG */ = {isa = PBXFileReference; lastKnownFileType = image.jpeg; path = 14.JPG; sourceTree = "<group>"; };
		533304CD15C0667E00255780 /* 15.JPG */ = {isa = PBXFileReference; lastKnownFileType = image.jpeg; path = 15.JPG; sourceTree = "<group>"; };
		533304CE15C0667E00255780 /* 16.JPG */ = {isa = PBXFileReference; lastKnownFileType = image.jpeg; path = 16.JPG; sourceTree = "<group>"; };
		533304D015C0667E00255780 /* 18.JPG */ = {isa = PBXFileReference; lastKnownFileType = image.jpeg; path = 18.JPG; sourceTree = "<group>"; };
		533304D115C0667E00255780 /* 19.JPG */ = {isa = PBXFileReference; lastKnownFileType = image.jpeg; path = 19.JPG; sourceTree = "<group>"; };
		533304D215C0667E00255780 /* 2.JPG */ = {isa = PBXFileReference; lastKnownFileType = image.jpeg; path = 2.JPG; sourceTree = "<group>"; };
		533304D315C0667E00255780 /* 20.JPG */ = {isa = PBXFileReference; lastKnownFileType = image.jpeg; path = 20.JPG; sourceTree = "<group>"; };
		533304D415C0667E00255780 /* 21.JPG */ = {isa = PBXFileReference; lastKnownFileType = image.jpeg; path = 21.JPG; sourceTree = "<group>"; };
		533304D515C0667E00255780 /* 22.JPG */ = {isa = PBXFileReference; lastKnownFileType = image.jpeg; path = 22.JPG; sourceTree = "<group>"; };
		533304D615C0667E00255780 /* 23.JPG */ = {isa = PBXFileReference; lastKnownFileType = image.jpeg; path = 23.JPG; sourceTree = "<group>"; };
		533304D715C0667E00255780 /* 24.JPG */ = {isa = PBXFileReference; lastKnownFileType = image.jpeg; path = 24.JPG; sourceTree = "<group>"; };
		533304D815C0667E00255780 /* 25.JPG */ = {isa = PBXFileReference; lastKnownFileType = image.jpeg; path = 25.JPG; sourceTree = "<group>"; };
		533304D915C0667E00255780 /* 26.JPG */ = {isa = PBXFileReference; lastKnownFileType = image.jpeg; path = 26.JPG; sourceTree = "<group>"; };
		533304DA15C0667E00255780 /* 27.JPG */ = {isa = PBXFileReference; lastKnownFileType = image.jpeg; path = 27.JPG; sourceTree = "<group>"; };
		533304DB15C0667E00255780 /* 28.JPG */ = {isa = PBXFileReference; lastKnownFileType = image.jpeg; path = 28.JPG; sourceTree = "<group>"; };
		533304DC15C0667E00255780 /* 29.JPG */ = {isa = PBXFileReference; lastKnownFileType = image.jpeg; path = 29.JPG; sourceTree = "<group>"; };
		533304DD15C0667E00255780 /* 3.JPG */ = {isa = PBXFileReference; lastKnownFileType = image.jpeg; path = 3.JPG; sourceTree = "<group>"; };
		533304DE15C0667E00255780 /* 30.JPG */ = {isa = PBXFileReference; lastKnownFileType = image.jpeg; path = 30.JPG; sourceTree = "<group>"; };
		533304DF15C0667E00255780 /* 31.JPG */ = {isa = PBXFileReference; lastKnownFileType = image.jpeg; path = 31.JPG; sourceTree = "<group>"; };
		533304E015C0667E00255780 /* 4.JPG */ = {isa = PBXFileReference; lastKnownFileType = image.jpeg; path = 4.JPG; sourceTree = "<group>"; };
		533304E115C0667E00255780 /* 5.JPG */ = {isa = PBXFileReference; lastKnownFileType = image.jpeg; path = 5.JPG; sourceTree = "<group>"; };
		533304E215C0667E00255780 /* 6.JPG */ = {isa = PBXFileReference; lastKnownFileType = image.jpeg; path = 6.JPG; sourceTree = "<group>"; };
		533304E315C0667E00255780 /* 7.JPG */ = {isa = PBXFileReference; lastKnownFileType = image.jpeg; path = 7.JPG; sourceTree = "<group>"; };
		533304E415C0667E00255780 /* 8.JPG */ = {isa = PBXFileReference; lastKnownFileType = image.jpeg; path = 8.JPG; sourceTree = "<group>"; };
		533304E515C0667E00255780 /* 9.JPG */ = {isa = PBXFileReference; lastKnownFileType = image.jpeg; path = 9.JPG; sourceTree = "<group>"; };
		5333052615C06B0900255780 /* 17.JPG */ = {isa = PBXFileReference; lastKnownFileType = image.jpeg; path = 17.JPG; sourceTree = "<group>"; };
		5333052815C06BA700255780 /* 3_full.JPG */ = {isa = PBXFileReference; lastKnownFileType = image.jpeg; path = 3_full.JPG; sourceTree = "<group>"; };
		5349A0751607846D002E2F9E /* Default@2x.png */ = {isa = PBXFileReference; lastKnownFileType = image.png; name = "Default@2x.png"; path = "images/Default@2x.png"; sourceTree = "<group>"; };
		5349A07816078563002E2F9E /* Default-568h@2x.png */ = {isa = PBXFileReference; lastKnownFileType = image.png; name = "Default-568h@2x.png"; path = "images/Default-568h@2x.png"; sourceTree = "<group>"; };
		53BA2F751607979E00192A7A /* Default-Portrait@2x.png */ = {isa = PBXFileReference; lastKnownFileType = image.png; name = "Default-Portrait@2x.png"; path = "images/Default-Portrait@2x.png"; sourceTree = "<group>"; };
		53BA2F781607982A00192A7A /* Default-Landscape@2x~ipad.png */ = {isa = PBXFileReference; lastKnownFileType = image.png; name = "Default-Landscape@2x~ipad.png"; path = "images/Default-Landscape@2x~ipad.png"; sourceTree = "<group>"; };
		53BA2F7A160798C400192A7A /* Default-Landscape@2x.png */ = {isa = PBXFileReference; lastKnownFileType = image.png; name = "Default-Landscape@2x.png"; path = "images/Default-Landscape@2x.png"; sourceTree = "<group>"; };
		53C4ED31159E740C0019285D /* CollViewSmpl.app */ = {isa = PBXFileReference; explicitFileType = wrapper.application; includeInIndex = 0; path = CollViewSmpl.app; sourceTree = BUILT_PRODUCTS_DIR; };
		53C4ED35159E740C0019285D /* UIKit.framework */ = {isa = PBXFileReference; lastKnownFileType = wrapper.framework; name = UIKit.framework; path = System/Library/Frameworks/UIKit.framework; sourceTree = SDKROOT; };
		53C4ED37159E740C0019285D /* Foundation.framework */ = {isa = PBXFileReference; lastKnownFileType = wrapper.framework; name = Foundation.framework; path = System/Library/Frameworks/Foundation.framework; sourceTree = SDKROOT; };
		53C4ED39159E740C0019285D /* CoreGraphics.framework */ = {isa = PBXFileReference; lastKnownFileType = wrapper.framework; name = CoreGraphics.framework; path = System/Library/Frameworks/CoreGraphics.framework; sourceTree = SDKROOT; };
		53C4ED3D159E740C0019285D /* CollectionView-Info.plist */ = {isa = PBXFileReference; lastKnownFileType = text.plist.xml; path = "CollectionView-Info.plist"; sourceTree = "<group>"; };
		53C4ED41159E740C0019285D /* main.m */ = {isa = PBXFileReference; lastKnownFileType = sourcecode.c.objc; path = main.m; sourceTree = "<group>"; };
		53C4ED43159E740C0019285D /* CollectionView-Prefix.pch */ = {isa = PBXFileReference; lastKnownFileType = sourcecode.c.h; path = "CollectionView-Prefix.pch"; sourceTree = "<group>"; };
		53C4ED44159E740C0019285D /* AppDelegate.h */ = {isa = PBXFileReference; lastKnownFileType = sourcecode.c.h; path = AppDelegate.h; sourceTree = "<group>"; };
		53C4ED45159E740C0019285D /* AppDelegate.m */ = {isa = PBXFileReference; lastKnownFileType = sourcecode.c.objc; path = AppDelegate.m; sourceTree = "<group>"; };
		53C4ED48159E740D0019285D /* en */ = {isa = PBXFileReference; lastKnownFileType = file.storyboard; name = en; path = en.lproj/MainStoryboard.storyboard; sourceTree = "<group>"; };
		53C4ED4A159E740D0019285D /* ViewController.h */ = {isa = PBXFileReference; lastKnownFileType = sourcecode.c.h; path = ViewController.h; sourceTree = "<group>"; };
		53C4ED4B159E740D0019285D /* ViewController.m */ = {isa = PBXFileReference; lastKnownFileType = sourcecode.c.objc; path = ViewController.m; sourceTree = "<group>"; };
		53C4ED52159E75F40019285D /* Cell.h */ = {isa = PBXFileReference; fileEncoding = 4; lastKnownFileType = sourcecode.c.h; path = Cell.h; sourceTree = "<group>"; };
		53C4ED53159E75F40019285D /* Cell.m */ = {isa = PBXFileReference; fileEncoding = 4; lastKnownFileType = sourcecode.c.objc; path = Cell.m; sourceTree = "<group>"; };
		53E25A9F15A399EC0004F894 /* CustomCellBackground.h */ = {isa = PBXFileReference; fileEncoding = 4; lastKnownFileType = sourcecode.c.h; path = CustomCellBackground.h; sourceTree = "<group>"; };
		53E25AA015A399EC0004F894 /* CustomCellBackground.m */ = {isa = PBXFileReference; fileEncoding = 4; lastKnownFileType = sourcecode.c.objc; path = CustomCellBackground.m; sourceTree = "<group>"; };
		78E7A7661654EF15000C70BE /* PSTCollectionViewUpdateItem.h */ = {isa = PBXFileReference; fileEncoding = 4; lastKnownFileType = sourcecode.c.h; path = PSTCollectionViewUpdateItem.h; sourceTree = "<group>"; };
		78E7A7671654EF15000C70BE /* PSTCollectionViewUpdateItem.m */ = {isa = PBXFileReference; fileEncoding = 4; lastKnownFileType = sourcecode.c.objc; path = PSTCollectionViewUpdateItem.m; sourceTree = "<group>"; };
		78E9A7EF1613EAF80066752B /* QuartzCore.framework */ = {isa = PBXFileReference; lastKnownFileType = wrapper.framework; name = QuartzCore.framework; path = System/Library/Frameworks/QuartzCore.framework; sourceTree = SDKROOT; };
		78E9A7F61613EC640066752B /* PSTCollectionView.h */ = {isa = PBXFileReference; fileEncoding = 4; lastKnownFileType = sourcecode.c.h; path = PSTCollectionView.h; sourceTree = "<group>"; };
		78E9A7F71613EC640066752B /* PSTCollectionView.m */ = {isa = PBXFileReference; fileEncoding = 4; lastKnownFileType = sourcecode.c.objc; path = PSTCollectionView.m; sourceTree = "<group>"; };
		78E9A7F81613EC640066752B /* PSTCollectionViewCell.h */ = {isa = PBXFileReference; fileEncoding = 4; lastKnownFileType = sourcecode.c.h; path = PSTCollectionViewCell.h; sourceTree = "<group>"; };
		78E9A7F91613EC640066752B /* PSTCollectionViewCell.m */ = {isa = PBXFileReference; fileEncoding = 4; lastKnownFileType = sourcecode.c.objc; path = PSTCollectionViewCell.m; sourceTree = "<group>"; };
		78E9A7FA1613EC640066752B /* PSTCollectionViewCommon.h */ = {isa = PBXFileReference; fileEncoding = 4; lastKnownFileType = sourcecode.c.h; path = PSTCollectionViewCommon.h; sourceTree = "<group>"; };
		78E9A7FB1613EC640066752B /* PSTCollectionViewController.h */ = {isa = PBXFileReference; fileEncoding = 4; lastKnownFileType = sourcecode.c.h; path = PSTCollectionViewController.h; sourceTree = "<group>"; };
		78E9A7FC1613EC640066752B /* PSTCollectionViewController.m */ = {isa = PBXFileReference; fileEncoding = 4; lastKnownFileType = sourcecode.c.objc; path = PSTCollectionViewController.m; sourceTree = "<group>"; };
		78E9A7FD1613EC640066752B /* PSTCollectionViewData.h */ = {isa = PBXFileReference; fileEncoding = 4; lastKnownFileType = sourcecode.c.h; path = PSTCollectionViewData.h; sourceTree = "<group>"; };
		78E9A7FE1613EC640066752B /* PSTCollectionViewData.m */ = {isa = PBXFileReference; fileEncoding = 4; lastKnownFileType = sourcecode.c.objc; path = PSTCollectionViewData.m; sourceTree = "<group>"; };
		78E9A7FF1613EC640066752B /* PSTCollectionViewFlowLayout.h */ = {isa = PBXFileReference; fileEncoding = 4; lastKnownFileType = sourcecode.c.h; path = PSTCollectionViewFlowLayout.h; sourceTree = "<group>"; };
		78E9A8001613EC640066752B /* PSTCollectionViewFlowLayout.m */ = {isa = PBXFileReference; fileEncoding = 4; lastKnownFileType = sourcecode.c.objc; path = PSTCollectionViewFlowLayout.m; sourceTree = "<group>"; };
		78E9A8011613EC640066752B /* PSTCollectionViewItemKey.h */ = {isa = PBXFileReference; fileEncoding = 4; lastKnownFileType = sourcecode.c.h; path = PSTCollectionViewItemKey.h; sourceTree = "<group>"; };
		78E9A8021613EC640066752B /* PSTCollectionViewItemKey.m */ = {isa = PBXFileReference; fileEncoding = 4; lastKnownFileType = sourcecode.c.objc; path = PSTCollectionViewItemKey.m; sourceTree = "<group>"; };
		78E9A8031613EC640066752B /* PSTCollectionViewLayout.h */ = {isa = PBXFileReference; fileEncoding = 4; lastKnownFileType = sourcecode.c.h; path = PSTCollectionViewLayout.h; sourceTree = "<group>"; };
		78E9A8041613EC640066752B /* PSTCollectionViewLayout.m */ = {isa = PBXFileReference; fileEncoding = 4; lastKnownFileType = sourcecode.c.objc; path = PSTCollectionViewLayout.m; sourceTree = "<group>"; };
		78E9A8051613EC640066752B /* PSTGridLayoutInfo.h */ = {isa = PBXFileReference; fileEncoding = 4; lastKnownFileType = sourcecode.c.h; path = PSTGridLayoutInfo.h; sourceTree = "<group>"; };
		78E9A8061613EC640066752B /* PSTGridLayoutInfo.m */ = {isa = PBXFileReference; fileEncoding = 4; lastKnownFileType = sourcecode.c.objc; path = PSTGridLayoutInfo.m; sourceTree = "<group>"; };
		78E9A8071613EC640066752B /* PSTGridLayoutItem.h */ = {isa = PBXFileReference; fileEncoding = 4; lastKnownFileType = sourcecode.c.h; path = PSTGridLayoutItem.h; sourceTree = "<group>"; };
		78E9A8081613EC640066752B /* PSTGridLayoutItem.m */ = {isa = PBXFileReference; fileEncoding = 4; lastKnownFileType = sourcecode.c.objc; path = PSTGridLayoutItem.m; sourceTree = "<group>"; };
		78E9A8091613EC640066752B /* PSTGridLayoutRow.h */ = {isa = PBXFileReference; fileEncoding = 4; lastKnownFileType = sourcecode.c.h; path = PSTGridLayoutRow.h; sourceTree = "<group>"; };
		78E9A80A1613EC640066752B /* PSTGridLayoutRow.m */ = {isa = PBXFileReference; fileEncoding = 4; lastKnownFileType = sourcecode.c.objc; path = PSTGridLayoutRow.m; sourceTree = "<group>"; };
		78E9A80B1613EC640066752B /* PSTGridLayoutSection.h */ = {isa = PBXFileReference; fileEncoding = 4; lastKnownFileType = sourcecode.c.h; path = PSTGridLayoutSection.h; sourceTree = "<group>"; };
		78E9A80C1613EC640066752B /* PSTGridLayoutSection.m */ = {isa = PBXFileReference; fileEncoding = 4; lastKnownFileType = sourcecode.c.objc; path = PSTGridLayoutSection.m; sourceTree = "<group>"; };
		981FA1E016C79B2E00F6149A /* NSIndexPath+PSTCollectionViewAdditions.h */ = {isa = PBXFileReference; fileEncoding = 4; lastKnownFileType = sourcecode.c.h; path = "NSIndexPath+PSTCollectionViewAdditions.h"; sourceTree = "<group>"; };
		981FA1E116C79B2E00F6149A /* NSIndexPath+PSTCollectionViewAdditions.m */ = {isa = PBXFileReference; fileEncoding = 4; lastKnownFileType = sourcecode.c.objc; path = "NSIndexPath+PSTCollectionViewAdditions.m"; sourceTree = "<group>"; };
/* End PBXFileReference section */

/* Begin PBXFrameworksBuildPhase section */
		53C4ED2E159E740C0019285D /* Frameworks */ = {
			isa = PBXFrameworksBuildPhase;
			buildActionMask = 2147483647;
			files = (
				78E9A7F01613EAF80066752B /* QuartzCore.framework in Frameworks */,
				53C4ED36159E740C0019285D /* UIKit.framework in Frameworks */,
				53C4ED38159E740C0019285D /* Foundation.framework in Frameworks */,
				53C4ED3A159E740C0019285D /* CoreGraphics.framework in Frameworks */,
			);
			runOnlyForDeploymentPostprocessing = 0;
		};
/* End PBXFrameworksBuildPhase section */

/* Begin PBXGroup section */
		533304A415C0667E00255780 /* full */ = {
			isa = PBXGroup;
			children = (
				533304A515C0667E00255780 /* 0_full.JPG */,
				533304B015C0667E00255780 /* 1_full.JPG */,
				533304BB15C0667E00255780 /* 2_full.JPG */,
				5333052815C06BA700255780 /* 3_full.JPG */,
				533304BF15C0667E00255780 /* 4_full.JPG */,
				533304C015C0667E00255780 /* 5_full.JPG */,
				533304C115C0667E00255780 /* 6_full.JPG */,
				533304C215C0667E00255780 /* 7_full.JPG */,
				533304C315C0667E00255780 /* 8_full.JPG */,
				533304C415C0667E00255780 /* 9_full.JPG */,
				533304A615C0667E00255780 /* 10_full.JPG */,
				533304A715C0667E00255780 /* 11_full.JPG */,
				533304A815C0667E00255780 /* 12_full.JPG */,
				533304A915C0667E00255780 /* 13_full.JPG */,
				533304AA15C0667E00255780 /* 14_full.JPG */,
				533304AB15C0667E00255780 /* 15_full.JPG */,
				533304AC15C0667E00255780 /* 16_full.JPG */,
				533304AD15C0667E00255780 /* 17_full.JPG */,
				533304AE15C0667E00255780 /* 18_full.JPG */,
				533304AF15C0667E00255780 /* 19_full.JPG */,
				533304B115C0667E00255780 /* 20_full.JPG */,
				533304B215C0667E00255780 /* 21_full.JPG */,
				533304B315C0667E00255780 /* 22_full.JPG */,
				533304B415C0667E00255780 /* 23_full.JPG */,
				533304B515C0667E00255780 /* 24_full.JPG */,
				533304B615C0667E00255780 /* 25_full.JPG */,
				533304B715C0667E00255780 /* 26_full.JPG */,
				533304B815C0667E00255780 /* 27_full.JPG */,
				533304B915C0667E00255780 /* 28_full.JPG */,
				533304BA15C0667E00255780 /* 29_full.JPG */,
				533304BC15C0667E00255780 /* 30_full.JPG */,
				533304BD15C0667E00255780 /* 31_full.JPG */,
			);
			path = full;
			sourceTree = "<group>";
		};
		533304C515C0667E00255780 /* thumb */ = {
			isa = PBXGroup;
			children = (
				533304C615C0667E00255780 /* 0.JPG */,
				533304C715C0667E00255780 /* 1.JPG */,
				533304D215C0667E00255780 /* 2.JPG */,
				533304DD15C0667E00255780 /* 3.JPG */,
				533304E015C0667E00255780 /* 4.JPG */,
				533304E115C0667E00255780 /* 5.JPG */,
				533304E215C0667E00255780 /* 6.JPG */,
				533304E315C0667E00255780 /* 7.JPG */,
				533304E415C0667E00255780 /* 8.JPG */,
				533304E515C0667E00255780 /* 9.JPG */,
				533304C815C0667E00255780 /* 10.JPG */,
				533304C915C0667E00255780 /* 11.JPG */,
				533304CA15C0667E00255780 /* 12.JPG */,
				533304CB15C0667E00255780 /* 13.JPG */,
				533304CC15C0667E00255780 /* 14.JPG */,
				533304CD15C0667E00255780 /* 15.JPG */,
				533304CE15C0667E00255780 /* 16.JPG */,
				5333052615C06B0900255780 /* 17.JPG */,
				533304D015C0667E00255780 /* 18.JPG */,
				533304D115C0667E00255780 /* 19.JPG */,
				533304D315C0667E00255780 /* 20.JPG */,
				533304D415C0667E00255780 /* 21.JPG */,
				533304D515C0667E00255780 /* 22.JPG */,
				533304D615C0667E00255780 /* 23.JPG */,
				533304D715C0667E00255780 /* 24.JPG */,
				533304D815C0667E00255780 /* 25.JPG */,
				533304D915C0667E00255780 /* 26.JPG */,
				533304DA15C0667E00255780 /* 27.JPG */,
				533304DB15C0667E00255780 /* 28.JPG */,
				533304DC15C0667E00255780 /* 29.JPG */,
				533304DE15C0667E00255780 /* 30.JPG */,
				533304DF15C0667E00255780 /* 31.JPG */,
			);
			path = thumb;
			sourceTree = "<group>";
		};
		53C4ED26159E740C0019285D = {
			isa = PBXGroup;
			children = (
				53C4ED3B159E740C0019285D /* CollectionView */,
				53C4ED34159E740C0019285D /* Frameworks */,
				53C4ED32159E740C0019285D /* Products */,
			);
			sourceTree = "<group>";
		};
		53C4ED32159E740C0019285D /* Products */ = {
			isa = PBXGroup;
			children = (
				53C4ED31159E740C0019285D /* CollViewSmpl.app */,
			);
			name = Products;
			sourceTree = "<group>";
		};
		53C4ED34159E740C0019285D /* Frameworks */ = {
			isa = PBXGroup;
			children = (
				78E9A7EF1613EAF80066752B /* QuartzCore.framework */,
				53C4ED35159E740C0019285D /* UIKit.framework */,
				53C4ED37159E740C0019285D /* Foundation.framework */,
				53C4ED39159E740C0019285D /* CoreGraphics.framework */,
			);
			name = Frameworks;
			sourceTree = "<group>";
		};
		53C4ED3B159E740C0019285D /* CollectionView */ = {
			isa = PBXGroup;
			children = (
				53C4ED44159E740C0019285D /* AppDelegate.h */,
				53C4ED45159E740C0019285D /* AppDelegate.m */,
				53C4ED4A159E740D0019285D /* ViewController.h */,
				53C4ED4B159E740D0019285D /* ViewController.m */,
				53113E7B159E787A00E1FBC5 /* DetailViewController.h */,
				53113E7C159E787A00E1FBC5 /* DetailViewController.m */,
				53C4ED52159E75F40019285D /* Cell.h */,
				53C4ED53159E75F40019285D /* Cell.m */,
				53E25A9F15A399EC0004F894 /* CustomCellBackground.h */,
				53E25AA015A399EC0004F894 /* CustomCellBackground.m */,
				78E9A7F51613EC640066752B /* PSTCollectionView */,
				53EADDED159EB53A00876690 /* images */,
				53C4ED3C159E740C0019285D /* Supporting Files */,
			);
			path = CollectionView;
			sourceTree = "<group>";
		};
		53C4ED3C159E740C0019285D /* Supporting Files */ = {
			isa = PBXGroup;
			children = (
				53C4ED41159E740C0019285D /* main.m */,
				53C4ED3D159E740C0019285D /* CollectionView-Info.plist */,
				53C4ED43159E740C0019285D /* CollectionView-Prefix.pch */,
				53C4ED47159E740D0019285D /* MainStoryboard.storyboard */,
				5349A0751607846D002E2F9E /* Default@2x.png */,
				53BA2F7A160798C400192A7A /* Default-Landscape@2x.png */,
				5349A07816078563002E2F9E /* Default-568h@2x.png */,
				53BA2F751607979E00192A7A /* Default-Portrait@2x.png */,
				53BA2F781607982A00192A7A /* Default-Landscape@2x~ipad.png */,
			);
			name = "Supporting Files";
			sourceTree = "<group>";
		};
		53EADDED159EB53A00876690 /* images */ = {
			isa = PBXGroup;
			children = (
				533304A415C0667E00255780 /* full */,
				533304C515C0667E00255780 /* thumb */,
			);
			path = images;
			sourceTree = "<group>";
		};
		78E9A7F51613EC640066752B /* PSTCollectionView */ = {
			isa = PBXGroup;
			children = (
				981FA1E016C79B2E00F6149A /* NSIndexPath+PSTCollectionViewAdditions.h */,
				981FA1E116C79B2E00F6149A /* NSIndexPath+PSTCollectionViewAdditions.m */,
				78E9A7F61613EC640066752B /* PSTCollectionView.h */,
				78E9A7F71613EC640066752B /* PSTCollectionView.m */,
				78E9A7F81613EC640066752B /* PSTCollectionViewCell.h */,
				78E9A7F91613EC640066752B /* PSTCollectionViewCell.m */,
				78E9A7FA1613EC640066752B /* PSTCollectionViewCommon.h */,
				78E9A7FB1613EC640066752B /* PSTCollectionViewController.h */,
				78E9A7FC1613EC640066752B /* PSTCollectionViewController.m */,
				78E9A7FD1613EC640066752B /* PSTCollectionViewData.h */,
				78E9A7FE1613EC640066752B /* PSTCollectionViewData.m */,
				78E9A7FF1613EC640066752B /* PSTCollectionViewFlowLayout.h */,
				78E9A8001613EC640066752B /* PSTCollectionViewFlowLayout.m */,
				78E9A8011613EC640066752B /* PSTCollectionViewItemKey.h */,
				78E9A8021613EC640066752B /* PSTCollectionViewItemKey.m */,
				78E9A8031613EC640066752B /* PSTCollectionViewLayout.h */,
				78E9A8041613EC640066752B /* PSTCollectionViewLayout.m */,
				78E7A7661654EF15000C70BE /* PSTCollectionViewUpdateItem.h */,
				78E7A7671654EF15000C70BE /* PSTCollectionViewUpdateItem.m */,
				78E9A8051613EC640066752B /* PSTGridLayoutInfo.h */,
				78E9A8061613EC640066752B /* PSTGridLayoutInfo.m */,
				78E9A8071613EC640066752B /* PSTGridLayoutItem.h */,
				78E9A8081613EC640066752B /* PSTGridLayoutItem.m */,
				78E9A8091613EC640066752B /* PSTGridLayoutRow.h */,
				78E9A80A1613EC640066752B /* PSTGridLayoutRow.m */,
				78E9A80B1613EC640066752B /* PSTGridLayoutSection.h */,
				78E9A80C1613EC640066752B /* PSTGridLayoutSection.m */,
			);
			name = PSTCollectionView;
			path = ../../../PSTCollectionView;
			sourceTree = "<group>";
		};
/* End PBXGroup section */

/* Begin PBXNativeTarget section */
		53C4ED30159E740C0019285D /* CollViewSmpl */ = {
			isa = PBXNativeTarget;
			buildConfigurationList = 53C4ED4F159E740D0019285D /* Build configuration list for PBXNativeTarget "CollViewSmpl" */;
			buildPhases = (
				53C4ED2D159E740C0019285D /* Sources */,
				53C4ED2E159E740C0019285D /* Frameworks */,
				53C4ED2F159E740C0019285D /* Resources */,
			);
			buildRules = (
			);
			dependencies = (
			);
			name = CollViewSmpl;
			productName = CollectionView;
			productReference = 53C4ED31159E740C0019285D /* CollViewSmpl.app */;
			productType = "com.apple.product-type.application";
		};
/* End PBXNativeTarget section */

/* Begin PBXProject section */
		53C4ED28159E740C0019285D /* Project object */ = {
			isa = PBXProject;
			attributes = {
				LastUpgradeCheck = 0450;
			};
			buildConfigurationList = 53C4ED2B159E740C0019285D /* Build configuration list for PBXProject "CollectionView" */;
			compatibilityVersion = "Xcode 3.2";
			developmentRegion = English;
			hasScannedForEncodings = 0;
			knownRegions = (
				en,
			);
			mainGroup = 53C4ED26159E740C0019285D;
			productRefGroup = 53C4ED32159E740C0019285D /* Products */;
			projectDirPath = "";
			projectRoot = "";
			targets = (
				53C4ED30159E740C0019285D /* CollViewSmpl */,
			);
		};
/* End PBXProject section */

/* Begin PBXResourcesBuildPhase section */
		53C4ED2F159E740C0019285D /* Resources */ = {
			isa = PBXResourcesBuildPhase;
			buildActionMask = 2147483647;
			files = (
				53C4ED49159E740D0019285D /* MainStoryboard.storyboard in Resources */,
				533304E615C0667E00255780 /* 0_full.JPG in Resources */,
				533304E715C0667E00255780 /* 10_full.JPG in Resources */,
				533304E815C0667E00255780 /* 11_full.JPG in Resources */,
				533304E915C0667E00255780 /* 12_full.JPG in Resources */,
				533304EA15C0667E00255780 /* 13_full.JPG in Resources */,
				533304EB15C0667E00255780 /* 14_full.JPG in Resources */,
				533304EC15C0667E00255780 /* 15_full.JPG in Resources */,
				533304ED15C0667E00255780 /* 16_full.JPG in Resources */,
				533304EE15C0667E00255780 /* 17_full.JPG in Resources */,
				533304EF15C0667E00255780 /* 18_full.JPG in Resources */,
				533304F015C0667E00255780 /* 19_full.JPG in Resources */,
				533304F115C0667E00255780 /* 1_full.JPG in Resources */,
				533304F215C0667E00255780 /* 20_full.JPG in Resources */,
				533304F315C0667E00255780 /* 21_full.JPG in Resources */,
				533304F415C0667E00255780 /* 22_full.JPG in Resources */,
				533304F515C0667E00255780 /* 23_full.JPG in Resources */,
				533304F615C0667E00255780 /* 24_full.JPG in Resources */,
				533304F715C0667E00255780 /* 25_full.JPG in Resources */,
				533304F815C0667E00255780 /* 26_full.JPG in Resources */,
				533304F915C0667E00255780 /* 27_full.JPG in Resources */,
				533304FA15C0667E00255780 /* 28_full.JPG in Resources */,
				533304FB15C0667E00255780 /* 29_full.JPG in Resources */,
				533304FC15C0667E00255780 /* 2_full.JPG in Resources */,
				533304FD15C0667E00255780 /* 30_full.JPG in Resources */,
				533304FE15C0667E00255780 /* 31_full.JPG in Resources */,
				5333050015C0667E00255780 /* 4_full.JPG in Resources */,
				5333050115C0667E00255780 /* 5_full.JPG in Resources */,
				5333050215C0667E00255780 /* 6_full.JPG in Resources */,
				5333050315C0667E00255780 /* 7_full.JPG in Resources */,
				5333050415C0667E00255780 /* 8_full.JPG in Resources */,
				5333050515C0667E00255780 /* 9_full.JPG in Resources */,
				5333050615C0667E00255780 /* 0.JPG in Resources */,
				5333050715C0667E00255780 /* 1.JPG in Resources */,
				5333050815C0667E00255780 /* 10.JPG in Resources */,
				5333050915C0667E00255780 /* 11.JPG in Resources */,
				5333050A15C0667E00255780 /* 12.JPG in Resources */,
				5333050B15C0667E00255780 /* 13.JPG in Resources */,
				5333050C15C0667E00255780 /* 14.JPG in Resources */,
				5333050D15C0667E00255780 /* 15.JPG in Resources */,
				5333050E15C0667E00255780 /* 16.JPG in Resources */,
				5333051015C0667E00255780 /* 18.JPG in Resources */,
				5333051115C0667E00255780 /* 19.JPG in Resources */,
				5333051215C0667E00255780 /* 2.JPG in Resources */,
				5333051315C0667E00255780 /* 20.JPG in Resources */,
				5333051415C0667E00255780 /* 21.JPG in Resources */,
				5333051515C0667E00255780 /* 22.JPG in Resources */,
				5333051615C0667E00255780 /* 23.JPG in Resources */,
				5333051715C0667E00255780 /* 24.JPG in Resources */,
				5333051815C0667E00255780 /* 25.JPG in Resources */,
				5333051915C0667E00255780 /* 26.JPG in Resources */,
				5333051A15C0667E00255780 /* 27.JPG in Resources */,
				5333051B15C0667E00255780 /* 28.JPG in Resources */,
				5333051C15C0667E00255780 /* 29.JPG in Resources */,
				5333051D15C0667E00255780 /* 3.JPG in Resources */,
				5333051E15C0667E00255780 /* 30.JPG in Resources */,
				5333051F15C0667E00255780 /* 31.JPG in Resources */,
				5333052015C0667E00255780 /* 4.JPG in Resources */,
				5333052115C0667E00255780 /* 5.JPG in Resources */,
				5333052215C0667E00255780 /* 6.JPG in Resources */,
				5333052315C0667E00255780 /* 7.JPG in Resources */,
				5333052415C0667E00255780 /* 8.JPG in Resources */,
				5333052515C0667E00255780 /* 9.JPG in Resources */,
				5333052715C06B0900255780 /* 17.JPG in Resources */,
				5333052915C06BA700255780 /* 3_full.JPG in Resources */,
				5349A0761607846D002E2F9E /* Default@2x.png in Resources */,
				5349A07A16078563002E2F9E /* Default-568h@2x.png in Resources */,
				53BA2F761607979E00192A7A /* Default-Portrait@2x.png in Resources */,
				53BA2F791607982A00192A7A /* Default-Landscape@2x~ipad.png in Resources */,
				53BA2F7B160798C400192A7A /* Default-Landscape@2x.png in Resources */,
			);
			runOnlyForDeploymentPostprocessing = 0;
		};
/* End PBXResourcesBuildPhase section */

/* Begin PBXSourcesBuildPhase section */
		53C4ED2D159E740C0019285D /* Sources */ = {
			isa = PBXSourcesBuildPhase;
			buildActionMask = 2147483647;
			files = (
				53C4ED42159E740C0019285D /* main.m in Sources */,
				53C4ED46159E740C0019285D /* AppDelegate.m in Sources */,
				53C4ED4C159E740D0019285D /* ViewController.m in Sources */,
				53C4ED54159E75F40019285D /* Cell.m in Sources */,
				53113E7D159E787A00E1FBC5 /* DetailViewController.m in Sources */,
				53E25AA115A399EC0004F894 /* CustomCellBackground.m in Sources */,
				78E9A80D1613EC640066752B /* PSTCollectionView.m in Sources */,
				78E9A80E1613EC640066752B /* PSTCollectionViewCell.m in Sources */,
				78E9A80F1613EC640066752B /* PSTCollectionViewController.m in Sources */,
				78E9A8101613EC640066752B /* PSTCollectionViewData.m in Sources */,
				78E9A8111613EC640066752B /* PSTCollectionViewFlowLayout.m in Sources */,
				78E9A8121613EC640066752B /* PSTCollectionViewItemKey.m in Sources */,
				78E9A8131613EC640066752B /* PSTCollectionViewLayout.m in Sources */,
				78E9A8141613EC640066752B /* PSTGridLayoutInfo.m in Sources */,
				78E9A8151613EC640066752B /* PSTGridLayoutItem.m in Sources */,
				78E9A8161613EC640066752B /* PSTGridLayoutRow.m in Sources */,
				78E9A8171613EC640066752B /* PSTGridLayoutSection.m in Sources */,
				78E7A7681654EF15000C70BE /* PSTCollectionViewUpdateItem.m in Sources */,
				981FA1E216C79B2E00F6149A /* NSIndexPath+PSTCollectionViewAdditions.m in Sources */,
			);
			runOnlyForDeploymentPostprocessing = 0;
		};
/* End PBXSourcesBuildPhase section */

/* Begin PBXVariantGroup section */
		53C4ED47159E740D0019285D /* MainStoryboard.storyboard */ = {
			isa = PBXVariantGroup;
			children = (
				53C4ED48159E740D0019285D /* en */,
			);
			name = MainStoryboard.storyboard;
			sourceTree = "<group>";
		};
/* End PBXVariantGroup section */

/* Begin XCBuildConfiguration section */
		53C4ED4D159E740D0019285D /* Debug */ = {
			isa = XCBuildConfiguration;
			buildSettings = {
				ALWAYS_SEARCH_USER_PATHS = NO;
				CLANG_CXX_LANGUAGE_STANDARD = "gnu++0x";
				CLANG_ENABLE_OBJC_ARC = YES;
				CLANG_WARN__DUPLICATE_METHOD_MATCH = YES;
				"CODE_SIGN_IDENTITY[sdk=iphoneos*]" = "iPhone Developer";
				COPY_PHASE_STRIP = NO;
				GCC_C_LANGUAGE_STANDARD = gnu99;
				GCC_DYNAMIC_NO_PIC = NO;
				GCC_OPTIMIZATION_LEVEL = 0;
				GCC_PREPROCESSOR_DEFINITIONS = (
					"DEBUG=1",
					"$(inherited)",
				);
				GCC_SYMBOLS_PRIVATE_EXTERN = NO;
				GCC_WARN_ABOUT_RETURN_TYPE = YES;
				GCC_WARN_UNINITIALIZED_AUTOS = YES;
				GCC_WARN_UNUSED_VARIABLE = YES;
				IPHONEOS_DEPLOYMENT_TARGET = 6.0;
				SDKROOT = iphoneos;
				TARGETED_DEVICE_FAMILY = "1,2";
			};
			name = Debug;
		};
		53C4ED4E159E740D0019285D /* Release */ = {
			isa = XCBuildConfiguration;
			buildSettings = {
				ALWAYS_SEARCH_USER_PATHS = NO;
				CLANG_CXX_LANGUAGE_STANDARD = "gnu++0x";
				CLANG_ENABLE_OBJC_ARC = YES;
				CLANG_WARN__DUPLICATE_METHOD_MATCH = YES;
				"CODE_SIGN_IDENTITY[sdk=iphoneos*]" = "iPhone Developer";
				COPY_PHASE_STRIP = YES;
				GCC_C_LANGUAGE_STANDARD = gnu99;
				GCC_WARN_ABOUT_RETURN_TYPE = YES;
				GCC_WARN_UNINITIALIZED_AUTOS = YES;
				GCC_WARN_UNUSED_VARIABLE = YES;
				IPHONEOS_DEPLOYMENT_TARGET = 6.0;
				OTHER_CFLAGS = "-DNS_BLOCK_ASSERTIONS=1";
				SDKROOT = iphoneos;
				TARGETED_DEVICE_FAMILY = "1,2";
				VALIDATE_PRODUCT = YES;
			};
			name = Release;
		};
		53C4ED50159E740D0019285D /* Debug */ = {
			isa = XCBuildConfiguration;
			buildSettings = {
				GCC_PRECOMPILE_PREFIX_HEADER = YES;
				GCC_PREFIX_HEADER = "CollectionView/CollectionView-Prefix.pch";
				INFOPLIST_FILE = "CollectionView/CollectionView-Info.plist";
				IPHONEOS_DEPLOYMENT_TARGET = 5.0;
				PRODUCT_NAME = "$(TARGET_NAME)";
				TARGETED_DEVICE_FAMILY = "1,2";
				WRAPPER_EXTENSION = app;
			};
			name = Debug;
		};
		53C4ED51159E740D0019285D /* Release */ = {
			isa = XCBuildConfiguration;
			buildSettings = {
				GCC_PRECOMPILE_PREFIX_HEADER = YES;
				GCC_PREFIX_HEADER = "CollectionView/CollectionView-Prefix.pch";
				INFOPLIST_FILE = "CollectionView/CollectionView-Info.plist";
				IPHONEOS_DEPLOYMENT_TARGET = 5.0;
				PRODUCT_NAME = "$(TARGET_NAME)";
				TARGETED_DEVICE_FAMILY = "1,2";
				WRAPPER_EXTENSION = app;
			};
			name = Release;
		};
/* End XCBuildConfiguration section */

/* Begin XCConfigurationList section */
		53C4ED2B159E740C0019285D /* Build configuration list for PBXProject "CollectionView" */ = {
			isa = XCConfigurationList;
			buildConfigurations = (
				53C4ED4D159E740D0019285D /* Debug */,
				53C4ED4E159E740D0019285D /* Release */,
			);
			defaultConfigurationIsVisible = 0;
			defaultConfigurationName = Release;
		};
		53C4ED4F159E740D0019285D /* Build configuration list for PBXNativeTarget "CollViewSmpl" */ = {
			isa = XCConfigurationList;
			buildConfigurations = (
				53C4ED50159E740D0019285D /* Debug */,
				53C4ED51159E740D0019285D /* Release */,
			);
			defaultConfigurationIsVisible = 0;
			defaultConfigurationName = Release;
		};
/* End XCConfigurationList section */
	};
	rootObject = 53C4ED28159E740C0019285D /* Project object */;
}
